<?xml version="1.0" encoding="utf-8"?>
<Project ToolsVersion="4.0" xmlns="http://schemas.microsoft.com/developer/msbuild/2003">
  <ItemGroup>
    <Filter Include="Core">
      <UniqueIdentifier>{e246e968-7cf0-4440-8af1-2ca31a9c8b69}</UniqueIdentifier>
    </Filter>
    <Filter Include="Core\addons">
      <UniqueIdentifier>{3db93853-68d0-4283-a892-42763712c46c}</UniqueIdentifier>
    </Filter>
    <Filter Include="Core\gdbstub">
      <UniqueIdentifier>{f33115c7-3743-41eb-be5b-63fafc938175}</UniqueIdentifier>
    </Filter>
    <Filter Include="Core\utils">
      <UniqueIdentifier>{7ce489f5-c2ee-4aff-b45c-20a0be4ff7cd}</UniqueIdentifier>
    </Filter>
    <Filter Include="Core\utils\decrypt">
      <UniqueIdentifier>{8eb8e94f-68c8-4120-bc36-ca23191db499}</UniqueIdentifier>
    </Filter>
    <Filter Include="Source Files\windows">
      <UniqueIdentifier>{00f21c6a-62f1-45a0-9229-837ce991baa7}</UniqueIdentifier>
    </Filter>
    <Filter Include="Windows">
      <UniqueIdentifier>{a6b232c3-aba7-4534-94ba-9cd66d5b8b61}</UniqueIdentifier>
    </Filter>
    <Filter Include="Windows\filters">
      <UniqueIdentifier>{f101873e-401f-43c0-ac0a-394785a44dfa}</UniqueIdentifier>
    </Filter>
    <Filter Include="Windows\resources">
      <UniqueIdentifier>{ea3f95b4-10be-49ef-9ae0-c1e08da5a730}</UniqueIdentifier>
    </Filter>
    <Filter Include="Windows\tools">
      <UniqueIdentifier>{b7de5c12-630e-4b43-81ac-3cdf74f286a5}</UniqueIdentifier>
    </Filter>
    <Filter Include="Windows\userconfig">
      <UniqueIdentifier>{8f61be53-ba2f-4d17-97bc-cae6e4a04117}</UniqueIdentifier>
    </Filter>
  </ItemGroup>
  <ItemGroup>
    <ClCompile Include="..\addons.cpp">
      <Filter>Core</Filter>
    </ClCompile>
    <ClCompile Include="..\addons\compactFlash.cpp">
      <Filter>Core\addons</Filter>
    </ClCompile>
    <ClCompile Include="..\addons\expMemory.cpp">
      <Filter>Core\addons</Filter>
    </ClCompile>
    <ClCompile Include="..\addons\gbagame.cpp">
      <Filter>Core\addons</Filter>
    </ClCompile>
    <ClCompile Include="..\addons\guitarGrip.cpp">
      <Filter>Core\addons</Filter>
    </ClCompile>
    <ClCompile Include="..\addons\none.cpp">
      <Filter>Core\addons</Filter>
    </ClCompile>
    <ClCompile Include="..\addons\rumblepak.cpp">
      <Filter>Core\addons</Filter>
    </ClCompile>
    <ClCompile Include="..\aggdraw.cpp">
      <Filter>Core</Filter>
    </ClCompile>
    <ClCompile Include="..\armcpu.cpp">
      <Filter>Core</Filter>
    </ClCompile>
    <ClCompile Include="..\arm_instructions.cpp">
      <Filter>Core</Filter>
    </ClCompile>
    <ClCompile Include="..\bios.cpp">
      <Filter>Core</Filter>
    </ClCompile>
    <ClCompile Include="..\cheatSystem.cpp">
      <Filter>Core</Filter>
    </ClCompile>
    <ClCompile Include="..\commandline.cpp">
      <Filter>Core</Filter>
    </ClCompile>
    <ClCompile Include="..\common.cpp">
      <Filter>Core</Filter>
    </ClCompile>
    <ClCompile Include="..\cp15.cpp">
      <Filter>Core</Filter>
    </ClCompile>
    <ClCompile Include="..\debug.cpp">
      <Filter>Core</Filter>
    </ClCompile>
    <ClCompile Include="..\Disassembler.cpp">
      <Filter>Core</Filter>
    </ClCompile>
    <ClCompile Include="..\FIFO.cpp">
      <Filter>Core</Filter>
    </ClCompile>
    <ClCompile Include="..\fs-windows.cpp">
      <Filter>Core</Filter>
    </ClCompile>
    <ClCompile Include="..\gdbstub\gdbstub.cpp">
      <Filter>Core\gdbstub</Filter>
    </ClCompile>
    <ClCompile Include="..\gfx3d.cpp">
      <Filter>Core</Filter>
    </ClCompile>
    <ClCompile Include="..\GPU.cpp">
      <Filter>Core</Filter>
    </ClCompile>
    <ClCompile Include="..\GPU_OSD.cpp">
      <Filter>Core</Filter>
    </ClCompile>
    <ClCompile Include="..\lua-engine.cpp">
      <Filter>Windows</Filter>
    </ClCompile>
    <ClCompile Include="..\matrix.cpp">
      <Filter>Core</Filter>
    </ClCompile>
    <ClCompile Include="..\mc.cpp">
      <Filter>Core</Filter>
    </ClCompile>
    <ClCompile Include="..\MMU.cpp">
      <Filter>Core</Filter>
    </ClCompile>
    <ClCompile Include="..\movie.cpp">
      <Filter>Core</Filter>
    </ClCompile>
    <ClCompile Include="..\NDSSystem.cpp">
      <Filter>Core</Filter>
    </ClCompile>
    <ClCompile Include="..\OGLRender.cpp">
      <Filter>Core</Filter>
    </ClCompile>
    <ClCompile Include="..\rasterize.cpp">
      <Filter>Core</Filter>
    </ClCompile>
    <ClCompile Include="..\readwrite.cpp">
      <Filter>Core</Filter>
    </ClCompile>
    <ClCompile Include="..\render3D.cpp">
      <Filter>Core</Filter>
    </ClCompile>
    <ClCompile Include="..\ROMReader.cpp">
      <Filter>Core</Filter>
    </ClCompile>
    <ClCompile Include="..\rtc.cpp">
      <Filter>Core</Filter>
    </ClCompile>
    <ClCompile Include="..\saves.cpp">
      <Filter>Core</Filter>
    </ClCompile>
    <ClCompile Include="..\SPU.cpp">
      <Filter>Core</Filter>
    </ClCompile>
    <ClCompile Include="..\texcache.cpp">
      <Filter>Core</Filter>
    </ClCompile>
    <ClCompile Include="..\thumb_instructions.cpp">
      <Filter>Core</Filter>
    </ClCompile>
    <ClCompile Include="..\utils\ConvertUTF.c">
      <Filter>Core\utils</Filter>
    </ClCompile>
    <ClCompile Include="..\utils\decrypt\crc.cpp">
      <Filter>Core\utils\decrypt</Filter>
    </ClCompile>
    <ClCompile Include="..\utils\decrypt\decrypt.cpp">
      <Filter>Core\utils\decrypt</Filter>
    </ClCompile>
    <ClCompile Include="..\utils\decrypt\header.cpp">
      <Filter>Core\utils\decrypt</Filter>
    </ClCompile>
    <ClCompile Include="..\utils\guid.cpp">
      <Filter>Core\utils</Filter>
    </ClCompile>
    <ClCompile Include="..\utils\md5.cpp">
      <Filter>Core\utils</Filter>
    </ClCompile>
    <ClCompile Include="..\utils\xstring.cpp">
      <Filter>Core\utils</Filter>
    </ClCompile>
    <ClCompile Include="..\wifi.cpp">
      <Filter>Core</Filter>
    </ClCompile>
    <ClCompile Include="7zip.cpp">
      <Filter>Windows</Filter>
    </ClCompile>
    <ClCompile Include="AboutBox.cpp">
      <Filter>Windows</Filter>
    </ClCompile>
    <ClCompile Include="aviout.cpp">
      <Filter>Windows</Filter>
    </ClCompile>
    <ClCompile Include="cheatsWin.cpp">
      <Filter>Windows</Filter>
    </ClCompile>
    <ClCompile Include="colorctrl.cpp">
      <Filter>Windows</Filter>
    </ClCompile>
    <ClCompile Include="console.cpp">
      <Filter>Windows</Filter>
    </ClCompile>
    <ClCompile Include="CWindow.cpp">
      <Filter>Windows</Filter>
    </ClCompile>
    <ClCompile Include="disView.cpp">
      <Filter>Windows\tools</Filter>
    </ClCompile>
    <ClCompile Include="filter\2xsai.cpp">
      <Filter>Windows\filters</Filter>
    </ClCompile>
    <ClCompile Include="filter\bilinear.cpp">
      <Filter>Windows\filters</Filter>
    </ClCompile>
    <ClCompile Include="filter\hq2x.cpp">
      <Filter>Windows\filters</Filter>
    </ClCompile>
    <ClCompile Include="filter\scanline.cpp">
      <Filter>Windows\filters</Filter>
    </ClCompile>
    <ClCompile Include="FirmConfig.cpp">
      <Filter>Windows</Filter>
    </ClCompile>
    <ClCompile Include="gbaslot_config.cpp">
      <Filter>Windows</Filter>
    </ClCompile>
    <ClCompile Include="ginfo.cpp">
      <Filter>Windows</Filter>
    </ClCompile>
    <ClCompile Include="hotkey.cpp">
      <Filter>Windows</Filter>
    </ClCompile>
    <ClCompile Include="inputdx.cpp">
      <Filter>Windows</Filter>
    </ClCompile>
    <ClCompile Include="IORegView.cpp">
      <Filter>Windows\tools</Filter>
    </ClCompile>
    <ClCompile Include="lightView.cpp">
      <Filter>Windows\tools</Filter>
    </ClCompile>
    <ClCompile Include="luaconsole.cpp">
      <Filter>Windows</Filter>
    </ClCompile>
    <ClCompile Include="main.cpp">
      <Filter>Windows</Filter>
    </ClCompile>
    <ClCompile Include="mapView.cpp">
      <Filter>Windows\tools</Filter>
    </ClCompile>
    <ClCompile Include="matrixView.cpp">
      <Filter>Windows\tools</Filter>
    </ClCompile>
    <ClCompile Include="memView.cpp">
      <Filter>Windows\tools</Filter>
    </ClCompile>
    <ClCompile Include="mic.cpp">
      <Filter>Windows</Filter>
    </ClCompile>
    <ClCompile Include="oamView.cpp">
      <Filter>Windows\tools</Filter>
    </ClCompile>
    <ClCompile Include="ogl.cpp">
      <Filter>Windows</Filter>
    </ClCompile>
    <ClCompile Include="OpenArchive.cpp">
      <Filter>Windows</Filter>
    </ClCompile>
    <ClCompile Include="palView.cpp">
      <Filter>Windows\tools</Filter>
    </ClCompile>
    <ClCompile Include="pathsettings.cpp">
      <Filter>Windows</Filter>
    </ClCompile>
    <ClCompile Include="ramwatch.cpp">
      <Filter>Windows\tools</Filter>
    </ClCompile>
    <ClCompile Include="ram_search.cpp">
      <Filter>Windows\tools</Filter>
    </ClCompile>
    <ClCompile Include="replay.cpp">
      <Filter>Windows</Filter>
    </ClCompile>
    <ClCompile Include="snddx.cpp">
      <Filter>Windows</Filter>
    </ClCompile>
    <ClCompile Include="soundView.cpp">
      <Filter>Windows\tools</Filter>
    </ClCompile>
    <ClCompile Include="throttle.cpp">
      <Filter>Windows</Filter>
    </ClCompile>
    <ClCompile Include="tileView.cpp">
      <Filter>Windows\tools</Filter>
    </ClCompile>
  </ItemGroup>
  <ItemGroup>
    <None Include="..\agg2d.inl">
      <Filter>Core</Filter>
    </None>
    <None Include="..\instruction_tabdef.inc">
      <Filter>Core</Filter>
    </None>
    <None Include="..\thumb_tabdef.inc">
      <Filter>Core</Filter>
    </None>
    <None Include="bitmap1.bmp">
      <Filter>Windows\resources</Filter>
    </None>
    <None Include="DeSmuME.ico">
      <Filter>Windows\resources</Filter>
    </None>
  </ItemGroup>
  <ItemGroup>
    <ClInclude Include="..\addons.h">
      <Filter>Core</Filter>
    </ClInclude>
    <ClInclude Include="..\agg2d.h">
      <Filter>Core</Filter>
    </ClInclude>
    <ClInclude Include="..\aggdraw.h">
      <Filter>Core</Filter>
    </ClInclude>
    <ClInclude Include="..\armcpu.h">
      <Filter>Core</Filter>
    </ClInclude>
    <ClInclude Include="..\arm_instructions.h">
      <Filter>Core</Filter>
    </ClInclude>
    <ClInclude Include="..\bios.h">
      <Filter>Core</Filter>
    </ClInclude>
    <ClInclude Include="..\bits.h">
      <Filter>Core</Filter>
    </ClInclude>
    <ClInclude Include="..\cheatSystem.h">
      <Filter>Core</Filter>
    </ClInclude>
    <ClInclude Include="..\commandline.h">
      <Filter>Core</Filter>
    </ClInclude>
    <ClInclude Include="..\common.h">
      <Filter>Core</Filter>
    </ClInclude>
    <ClInclude Include="..\cp15.h">
      <Filter>Core</Filter>
    </ClInclude>
    <ClInclude Include="..\debug.h">
      <Filter>Core</Filter>
    </ClInclude>
    <ClInclude Include="..\Disassembler.h">
      <Filter>Core</Filter>
    </ClInclude>
    <ClInclude Include="..\driver.h">
      <Filter>Core</Filter>
    </ClInclude>
    <ClInclude Include="..\fat.h">
      <Filter>Core</Filter>
    </ClInclude>
    <ClInclude Include="..\FIFO.h">
      <Filter>Core</Filter>
    </ClInclude>
    <ClInclude Include="..\fs.h">
      <Filter>Core</Filter>
    </ClInclude>
    <ClInclude Include="..\gdbstub.h">
      <Filter>Core\gdbstub</Filter>
    </ClInclude>
    <ClInclude Include="..\gfx3d.h">
      <Filter>Core</Filter>
    </ClInclude>
    <ClInclude Include="..\GPU.h">
      <Filter>Core</Filter>
    </ClInclude>
    <ClInclude Include="..\GPU_osd.h">
      <Filter>Core</Filter>
    </ClInclude>
    <ClInclude Include="..\lua-engine.h">
      <Filter>Windows</Filter>
    </ClInclude>
    <ClInclude Include="..\matrix.h">
      <Filter>Core</Filter>
    </ClInclude>
    <ClInclude Include="..\mc.h">
      <Filter>Core</Filter>
    </ClInclude>
    <ClInclude Include="..\mem.h">
      <Filter>Core</Filter>
    </ClInclude>
    <ClInclude Include="..\memorystream.h">
      <Filter>Core</Filter>
    </ClInclude>
    <ClInclude Include="..\mic.h">
      <Filter>Core</Filter>
    </ClInclude>
    <ClInclude Include="..\MMU.h">
      <Filter>Core</Filter>
    </ClInclude>
    <ClInclude Include="..\movie.h">
      <Filter>Core</Filter>
    </ClInclude>
    <ClInclude Include="..\NDSSystem.h">
      <Filter>Core</Filter>
    </ClInclude>
    <ClInclude Include="..\OGLRender.h">
      <Filter>Core</Filter>
    </ClInclude>
    <ClInclude Include="..\rasterize.h">
      <Filter>Core</Filter>
    </ClInclude>
    <ClInclude Include="..\readwrite.h">
      <Filter>Core</Filter>
    </ClInclude>
    <ClInclude Include="..\registers.h">
      <Filter>Core</Filter>
    </ClInclude>
    <ClInclude Include="..\render3D.h">
      <Filter>Core</Filter>
    </ClInclude>
    <ClInclude Include="..\ROMReader.h">
      <Filter>Core</Filter>
    </ClInclude>
    <ClInclude Include="..\rtc.h">
      <Filter>Core</Filter>
    </ClInclude>
    <ClInclude Include="..\saves.h">
      <Filter>Core</Filter>
    </ClInclude>
    <ClInclude Include="..\shaders.h">
      <Filter>Core</Filter>
    </ClInclude>
    <ClInclude Include="..\SPU.h">
      <Filter>Core</Filter>
    </ClInclude>
    <ClInclude Include="..\texcache.h">
      <Filter>Core</Filter>
    </ClInclude>
    <ClInclude Include="..\thumb_instructions.h">
      <Filter>Core</Filter>
    </ClInclude>
    <ClInclude Include="..\types.h">
      <Filter>Core</Filter>
    </ClInclude>
    <ClInclude Include="..\utils\ConvertUTF.h">
      <Filter>Core\utils</Filter>
    </ClInclude>
    <ClInclude Include="..\utils\decrypt\crc.h">
      <Filter>Core\utils\decrypt</Filter>
    </ClInclude>
    <ClInclude Include="..\utils\decrypt\decrypt.h">
      <Filter>Core\utils\decrypt</Filter>
    </ClInclude>
    <ClInclude Include="..\utils\decrypt\header.h">
      <Filter>Core\utils\decrypt</Filter>
    </ClInclude>
    <ClInclude Include="..\utils\guid.h">
      <Filter>Core\utils</Filter>
    </ClInclude>
    <ClInclude Include="..\utils\md5.h">
      <Filter>Core\utils</Filter>
    </ClInclude>
    <ClInclude Include="..\utils\valuearray.h">
      <Filter>Core\utils</Filter>
    </ClInclude>
    <ClInclude Include="..\utils\xstring.h">
      <Filter>Core\utils</Filter>
    </ClInclude>
    <ClInclude Include="..\version.h">
      <Filter>Core</Filter>
    </ClInclude>
    <ClInclude Include="..\wifi.h">
      <Filter>Core</Filter>
    </ClInclude>
    <ClInclude Include="7zip.h">
      <Filter>Windows</Filter>
    </ClInclude>
    <ClInclude Include="7zipstreams.h">
      <Filter>Windows</Filter>
    </ClInclude>
    <ClInclude Include="AboutBox.h">
      <Filter>Windows</Filter>
    </ClInclude>
    <ClInclude Include="aviout.h">
      <Filter>Windows</Filter>
    </ClInclude>
    <ClInclude Include="cheatsWin.h">
      <Filter>Windows</Filter>
    </ClInclude>
    <ClInclude Include="colorctrl.h">
      <Filter>Windows</Filter>
    </ClInclude>
    <ClInclude Include="console.h">
      <Filter>Windows</Filter>
    </ClInclude>
    <ClInclude Include="CWindow.h">
      <Filter>Windows</Filter>
    </ClInclude>
    <ClInclude Include="disView.h">
      <Filter>Windows\tools</Filter>
    </ClInclude>
    <ClInclude Include="filter\filter.h">
      <Filter>Windows\filters</Filter>
    </ClInclude>
    <ClInclude Include="FirmConfig.h">
      <Filter>Windows</Filter>
    </ClInclude>
    <ClInclude Include="gbaslot_config.h">
      <Filter>Windows</Filter>
    </ClInclude>
    <ClInclude Include="ginfo.h">
      <Filter>Windows</Filter>
    </ClInclude>
    <ClInclude Include="hotkey.h">
      <Filter>Windows</Filter>
    </ClInclude>
    <ClInclude Include="inputdx.h">
      <Filter>Windows</Filter>
    </ClInclude>
    <ClInclude Include="IORegView.h">
      <Filter>Windows\tools</Filter>
    </ClInclude>
    <ClInclude Include="lightView.h">
      <Filter>Windows\tools</Filter>
    </ClInclude>
    <ClInclude Include="main.h">
      <Filter>Windows</Filter>
    </ClInclude>
    <ClInclude Include="mapView.h">
      <Filter>Windows\tools</Filter>
    </ClInclude>
    <ClInclude Include="matrixView.h">
      <Filter>Windows\tools</Filter>
    </ClInclude>
    <ClInclude Include="memView.h">
      <Filter>Windows\tools</Filter>
    </ClInclude>
    <ClInclude Include="oamView.h">
      <Filter>Windows\tools</Filter>
    </ClInclude>
    <ClInclude Include="OpenArchive.h">
      <Filter>Windows</Filter>
    </ClInclude>
    <ClInclude Include="palView.h">
      <Filter>Windows\tools</Filter>
    </ClInclude>
    <ClInclude Include="pathsettings.h">
      <Filter>Windows</Filter>
    </ClInclude>
    <ClInclude Include="ramwatch.h">
      <Filter>Windows\tools</Filter>
    </ClInclude>
    <ClInclude Include="ram_search.h">
      <Filter>Windows\tools</Filter>
    </ClInclude>
    <ClInclude Include="replay.h">
      <Filter>Windows</Filter>
    </ClInclude>
    <ClInclude Include="resource.h">
      <Filter>Windows</Filter>
    </ClInclude>
    <ClInclude Include="snddx.h">
      <Filter>Windows</Filter>
    </ClInclude>
    <ClInclude Include="soundView.h">
      <Filter>Windows\tools</Filter>
    </ClInclude>
    <ClInclude Include="throttle.h">
      <Filter>Windows</Filter>
    </ClInclude>
    <ClInclude Include="tileView.h">
      <Filter>Windows\tools</Filter>
    </ClInclude>
    <ClInclude Include="userconfig\userconfig.h">
      <Filter>Windows\userconfig</Filter>
    </ClInclude>
  </ItemGroup>
  <ItemGroup>
    <ResourceCompile Include="resources.rc">
      <Filter>Windows\resources</Filter>
    </ResourceCompile>
  </ItemGroup>
</Project>
