
Microsoft Visual Studio Solution File, Format Version 10.00
# Visual Studio 2008
Project("{EAF909A5-FA59-4C3D-9431-0FCC20D5BCF9}") = "DeSmuME_Intel", "DeSmuME_Intel.icproj", "{61FB2DAF-A8E9-4CCC-ADF4-B824B4F00187}"
EndProject
Global
	GlobalSection(SolutionConfigurationPlatforms) = preSolution
		Debug|Win32 = Debug|Win32
		Debug|x64 = Debug|x64
		Release|Win32 = Release|Win32
		Release|x64 = Release|x64
	EndGlobalSection
	GlobalSection(ProjectConfigurationPlatforms) = postSolution
		{61FB2DAF-A8E9-4CCC-ADF4-B824B4F00187}.Debug|Win32.ActiveCfg = Debug|Win32
		{61FB2DAF-A8E9-4CCC-ADF4-B824B4F00187}.Debug|Win32.Build.0 = Debug|Win32
		{61FB2DAF-A8E9-4CCC-ADF4-B824B4F00187}.Debug|x64.ActiveCfg = Debug|x64
		{61FB2DAF-A8E9-4CCC-ADF4-B824B4F00187}.Debug|x64.Build.0 = Debug|x64
		{61FB2DAF-A8E9-4CCC-ADF4-B824B4F00187}.Release|Win32.ActiveCfg = Release|Win32
		{61FB2DAF-A8E9-4CCC-ADF4-B824B4F00187}.Release|Win32.Build.0 = Release|Win32
		{61FB2DAF-A8E9-4CCC-ADF4-B824B4F00187}.Release|x64.ActiveCfg = Release|x64
		{61FB2DAF-A8E9-4CCC-ADF4-B824B4F00187}.Release|x64.Build.0 = Release|x64
		{9F5F72A1-D3A5-4918-B460-E076B16D10A9}.Debug|Win32.ActiveCfg = Debug|Win32
		{9F5F72A1-D3A5-4918-B460-E076B16D10A9}.Debug|Win32.Build.0 = Debug|Win32
		{9F5F72A1-D3A5-4918-B460-E076B16D10A9}.Debug|x64.ActiveCfg = Debug|x64
		{9F5F72A1-D3A5-4918-B460-E076B16D10A9}.Debug|x64.Build.0 = Debug|x64
		{9F5F72A1-D3A5-4918-B460-E076B16D10A9}.Release|Win32.ActiveCfg = Release|Win32
		{9F5F72A1-D3A5-4918-B460-E076B16D10A9}.Release|Win32.Build.0 = Release|Win32
		{9F5F72A1-D3A5-4918-B460-E076B16D10A9}.Release|x64.ActiveCfg = Release|x64
		{9F5F72A1-D3A5-4918-B460-E076B16D10A9}.Release|x64.Build.0 = Release|x64
	EndGlobalSection
	GlobalSection(SolutionProperties) = preSolution
		HideSolutionNode = FALSE
	EndGlobalSection
EndGlobal
