<?xml version="1.0" encoding="UTF-8" standalone="yes" ?>
<CodeBlocks_project_file>
	<FileVersion major="1" minor="6" />
	<Project>
		<Option title="DeSmuME Cocoa" />
		<Option platforms="Mac;" />
		<Option pch_mode="2" />
		<Option default_target="Cocoa X86" />
		<Option compiler="gcc" />
		<Option show_notes="0">
			<notes>
				<![CDATA[DeSmuME

Cocoa Port

DeSmuME is free software; you can redistribute it and/or modify
it under the terms of the GNU General Public License as published by
the Free Software Foundation; either version 2 of the License, or
(at your option) any later version.

DeSmuME is distributed in the hope that it will be useful,
but WITHOUT ANY WARRANTY; without even the implied warranty of
MERCHANTABILITY or FITNESS FOR A PARTICULAR PURPOSE.  See the
GNU General Public License for more details.

You should have received a copy of the GNU General Public License
along with DeSmuME; if not, write to the Free Software
Foundation, Inc., 59 Temple Place, Suite 330, Boston, MA  02111-1307  USA]]>
			</notes>
		</Option>
		<Build>
			<Target title="Cocoa X86">
				<Option platforms="Mac;" />
				<Option output="DeSmuME.app/Contents/MacOS/DeSmuME" prefix_auto="0" extension_auto="0" />
				<Option working_dir="DeSmuME.app/Contents/MacOS" />
				<Option object_output="obj/X86" />
				<Option type="1" />
				<Option compiler="gcc" />
				<Compiler>
					<Add option="-march=pentium-m" />
					<Add option="-g" />
					<Add option="-msse2" />
					<Add option="-DDESMUME_COCOA" />
				</Compiler>
				<ExtraCommands>
					<Add after="cp DeSmuME.app/Contents/MacOS/DeSmuME DeSmuME.app/Contents/MacOS/DeSmuME_x86" />
				</ExtraCommands>
			</Target>
			<Target title="Cocoa PPC">
				<Option platforms="Mac;" />
				<Option output="DeSmuME.app/Contents/MacOS/DeSmuME" prefix_auto="0" extension_auto="0" />
				<Option working_dir="DeSmuME.app/Contents/MacOS" />
				<Option object_output="obj/PPC" />
				<Option type="1" />
				<Option compiler="gcc" />
				<Compiler>
					<Add option="-arch ppc" />
					<Add option="-DDESMUME_COCOA" />
					<Add option="-DWORDS_BIGENDIAN" />
				</Compiler>
				<Linker>
					<Add option="-arch ppc" />
				</Linker>
				<ExtraCommands>
					<Add after="cp DeSmuME.app/Contents/MacOS/DeSmuME DeSmuME.app/Contents/MacOS/DeSmuME_ppc" />
				</ExtraCommands>
			</Target>
		</Build>
		<VirtualTargets>
			<Add alias="Cocoa Universal" targets="Cocoa X86;Cocoa PPC;" />
		</VirtualTargets>
		<Compiler>
			<Add option="-fexpensive-optimizations" />
			<Add option="-O3" />
			<Add option="-DDETECT_LEAKS" />
		</Compiler>
		<Linker>
			<Add option="-s" />
			<Add option="-framework Cocoa" />
			<Add option="-framework OpenGL" />
			<Add option="-framework CoreAudio" />
			<Add option="-framework AudioUnit" />
			<Add option="-framework AudioToolbox" />
		</Linker>
		<ExtraCommands>
			<Add after="./makeapp.sh" />
			<Mode after="always" />
		</ExtraCommands>
		<Unit filename="../ARM9.h" />
		<Unit filename="../Disassembler.c">
			<Option compilerVar="CC" />
		</Unit>
		<Unit filename="../Disassembler.h" />
		<Unit filename="../FIFO.c">
			<Option compilerVar="CC" />
		</Unit>
		<Unit filename="../FIFO.h" />
		<Unit filename="../GPU.c">
			<Option compilerVar="CC" />
		</Unit>
		<Unit filename="../GPU.h" />
		<Unit filename="../MMU.c">
			<Option compilerVar="CC" />
		</Unit>
		<Unit filename="../MMU.h" />
		<Unit filename="../NDSSystem.c">
			<Option compilerVar="CC" />
		</Unit>
		<Unit filename="../NDSSystem.h" />
		<Unit filename="../ROMReader.c">
			<Option compilerVar="CC" />
		</Unit>
		<Unit filename="../ROMReader.h" />
		<Unit filename="../SPU.c">
			<Option compilerVar="CC" />
		</Unit>
		<Unit filename="../SPU.h" />
		<Unit filename="../arm_instructions.c">
			<Option compilerVar="CC" />
		</Unit>
		<Unit filename="../arm_instructions.h" />
		<Unit filename="../armcpu.c">
			<Option compilerVar="CC" />
		</Unit>
		<Unit filename="../armcpu.h" />
		<Unit filename="../bios.c">
			<Option compilerVar="CC" />
		</Unit>
		<Unit filename="../bios.h" />
		<Unit filename="../bits.h" />
		<Unit filename="../cflash.c">
			<Option compilerVar="CC" />
		</Unit>
		<Unit filename="../cflash.h" />
		<Unit filename="English.strings" />
		<Unit filename="Japanese.strings" />
		<Unit filename="cocoa_util.m">
			<Option compile="1" />
			<Option link="1" />
		</Unit>
		<Unit filename="globals.h" />
		<Unit filename="main.m">
			<Option compile="1" />
			<Option link="1" />
		</Unit>
		<Unit filename="main_window.h" />
		<Unit filename="main_window.m">
			<Option compile="1" />
			<Option link="1" />
		</Unit>
		<Unit filename="nds_control.h" />
		<Unit filename="nds_control.m">
			<Option compile="1" />
			<Option link="1" />
		</Unit>
		<Unit filename="preferences.m">
			<Option compile="1" />
			<Option link="1" />
		</Unit>
		<Unit filename="screenshot.h" />
		<Unit filename="screenshot.m">
			<Option compile="1" />
			<Option link="1" />
		</Unit>
		<Unit filename="sndOSX.h" />
		<Unit filename="sndOSX.m">
			<Option compile="1" />
			<Option link="1" />
		</Unit>
		<Unit filename="../config.h" />
		<Unit filename="../cp15.c">
			<Option compilerVar="CC" />
		</Unit>
		<Unit filename="../cp15.h" />
		<Unit filename="../debug.c">
			<Option compilerVar="CC" />
		</Unit>
		<Unit filename="../debug.h" />
		<Unit filename="../dscard.h" />
		<Unit filename="../fat.h" />
		<Unit filename="../fs-linux.c">
			<Option compilerVar="CC" />
		</Unit>
		<Unit filename="../fs.h" />
		<Unit filename="../gdbstub.h" />
		<Unit filename="../gl_vertex.c">
			<Option compilerVar="CC" />
		</Unit>
		<Unit filename="../gl_vertex.h" />
		<Unit filename="../matrix.c">
			<Option compilerVar="CC" />
		</Unit>
		<Unit filename="../matrix.h" />
		<Unit filename="../mc.c">
			<Option compilerVar="CC" />
		</Unit>
		<Unit filename="../mc.h" />
		<Unit filename="../mem.h" />
		<Unit filename="../opengl_collector_3Demu.c">
			<Option compilerVar="CC" />
		</Unit>
		<Unit filename="../opengl_collector_3Demu.h" />
		<Unit filename="../registers.h" />
		<Unit filename="../render3D.c">
			<Option compilerVar="CC" />
		</Unit>
		<Unit filename="../render3D.h" />
		<Unit filename="../saves.c">
			<Option compilerVar="CC" />
		</Unit>
		<Unit filename="../saves.h" />
		<Unit filename="../thumb_instructions.c">
			<Option compilerVar="CC" />
		</Unit>
		<Unit filename="../thumb_instructions.h" />
		<Unit filename="../types.h" />
		<Unit filename="../wifi.c">
			<Option compilerVar="CC" />
		</Unit>
		<Unit filename="../wifi.h" />
		<Unit filename="../windows/OGLRender.c">
			<Option compilerVar="CC" />
		</Unit>
		<Unit filename="../windows/OGLRender.h" />
		<Unit filename="../windows/ginfo.c">
			<Option compilerVar="CC" />
			<Option compile="0" />
			<Option link="0" />
		</Unit>
		<Unit filename="../windows/ginfo.h" />
		<Unit filename="../windows/main.c">
			<Option compilerVar="CC" />
			<Option compile="0" />
			<Option link="0" />
		</Unit>
		<Extensions>
			<code_completion />
			<envvars />
			<debugger />
		</Extensions>
	</Project>
</CodeBlocks_project_file>
