
Microsoft Visual Studio Solution File, Format Version 9.00
# Visual C++ Express 2005
Project("{8BC9CEB8-8B4A-11D0-8D11-00A0C91BC942}") = "foo_input_vio2sf", "foo_input_vio2sf.vcproj", "{22752D82-8F89-4F87-B07E-D254D7BF675A}"
EndProject
Global
	GlobalSection(SolutionConfigurationPlatforms) = preSolution
		Debug|Win32 = Debug|Win32
		Release|Win32 = Release|Win32
	EndGlobalSection
	GlobalSection(ProjectConfigurationPlatforms) = postSolution
		{22752D82-8F89-4F87-B07E-D254D7BF675A}.Debug|Win32.ActiveCfg = Debug|Win32
		{22752D82-8F89-4F87-B07E-D254D7BF675A}.Debug|Win32.Build.0 = Debug|Win32
		{22752D82-8F89-4F87-B07E-D254D7BF675A}.Release|Win32.ActiveCfg = Release|Win32
		{22752D82-8F89-4F87-B07E-D254D7BF675A}.Release|Win32.Build.0 = Release|Win32
	EndGlobalSection
	GlobalSection(SolutionProperties) = preSolution
		HideSolutionNode = FALSE
	EndGlobalSection
EndGlobal
