// !$*UTF8*$!
{
	archiveVersion = 1;
	classes = {
	};
	objectVersion = 42;
	objects = {

/* Begin PBXBuildFile section */
		1EFD51790F892B1A00B029BB /* DeSmuME.icns in Resources */ = {isa = PBXBuildFile; fileRef = 7277B62E0D9D9AEA00D283BD /* DeSmuME.icns */; };
		1EFD517A0F892B1A00B029BB /* Localizable.strings in Resources */ = {isa = PBXBuildFile; fileRef = 1F4B55090F53924500C8B514 /* Localizable.strings */; };
		1EFD517B0F892B1A00B029BB /* MainMenu.nib in Resources */ = {isa = PBXBuildFile; fileRef = 1F4B550B0F53924500C8B514 /* MainMenu.nib */; };
		1EFD517D0F892B1A00B029BB /* cocoa_util.m in Sources */ = {isa = PBXBuildFile; fileRef = 729BEC5A0D9D55DB00ED561B /* cocoa_util.m */; };
		1EFD517E0F892B1A00B029BB /* input.mm in Sources */ = {isa = PBXBuildFile; fileRef = 729BEC5E0D9D55DB00ED561B /* input.mm */; };
		1EFD517F0F892B1A00B029BB /* main.mm in Sources */ = {isa = PBXBuildFile; fileRef = 729BEC600D9D55DB00ED561B /* main.mm */; };
		1EFD51800F892B1A00B029BB /* main_window.mm in Sources */ = {isa = PBXBuildFile; fileRef = 729BEC620D9D55DB00ED561B /* main_window.mm */; };
		1EFD51810F892B1A00B029BB /* nds_control.mm in Sources */ = {isa = PBXBuildFile; fileRef = 729BEC640D9D55DB00ED561B /* nds_control.mm */; };
		1EFD51820F892B1A00B029BB /* preferences.mm in Sources */ = {isa = PBXBuildFile; fileRef = 729BEC660D9D55DB00ED561B /* preferences.mm */; };
		1EFD51830F892B1A00B029BB /* screenshot.mm in Sources */ = {isa = PBXBuildFile; fileRef = 729BEC6A0D9D55DB00ED561B /* screenshot.mm */; };
		1EFD51840F892B1A00B029BB /* video_output_view.mm in Sources */ = {isa = PBXBuildFile; fileRef = 729BEC6E0D9D55DB00ED561B /* video_output_view.mm */; };
		1EFD51850F892B1A00B029BB /* about.m in Sources */ = {isa = PBXBuildFile; fileRef = 7277B8EA0D9F25F700D283BD /* about.m */; };
		1EFD51860F892B1A00B029BB /* speed_limit_selection_window.mm in Sources */ = {isa = PBXBuildFile; fileRef = 723395590E596E9100999693 /* speed_limit_selection_window.mm */; };
		1EFD51870F892B1A00B029BB /* arm_instructions.cpp in Sources */ = {isa = PBXBuildFile; fileRef = 7227644A0E78E18100AEDC8B /* arm_instructions.cpp */; };
		1EFD51880F892B1A00B029BB /* armcpu.cpp in Sources */ = {isa = PBXBuildFile; fileRef = 7227644B0E78E18100AEDC8B /* armcpu.cpp */; };
		1EFD51890F892B1A00B029BB /* bios.cpp in Sources */ = {isa = PBXBuildFile; fileRef = 7227644C0E78E18100AEDC8B /* bios.cpp */; };
		1EFD518B0F892B1A00B029BB /* cp15.cpp in Sources */ = {isa = PBXBuildFile; fileRef = 7227644E0E78E18100AEDC8B /* cp15.cpp */; };
		1EFD518C0F892B1A00B029BB /* debug.cpp in Sources */ = {isa = PBXBuildFile; fileRef = 7227644F0E78E18100AEDC8B /* debug.cpp */; };
		1EFD518D0F892B1A00B029BB /* Disassembler.cpp in Sources */ = {isa = PBXBuildFile; fileRef = 722764500E78E18100AEDC8B /* Disassembler.cpp */; };
		1EFD518E0F892B1A00B029BB /* FIFO.cpp in Sources */ = {isa = PBXBuildFile; fileRef = 722764510E78E18100AEDC8B /* FIFO.cpp */; };
		1EFD518F0F892B1A00B029BB /* fs-linux.cpp in Sources */ = {isa = PBXBuildFile; fileRef = 722764520E78E18100AEDC8B /* fs-linux.cpp */; };
		1EFD51900F892B1A00B029BB /* GPU.cpp in Sources */ = {isa = PBXBuildFile; fileRef = 722764560E78E18100AEDC8B /* GPU.cpp */; };
		1EFD51910F892B1A00B029BB /* matrix.cpp in Sources */ = {isa = PBXBuildFile; fileRef = 722764570E78E18100AEDC8B /* matrix.cpp */; };
		1EFD51920F892B1A00B029BB /* mc.cpp in Sources */ = {isa = PBXBuildFile; fileRef = 722764580E78E18100AEDC8B /* mc.cpp */; };
		1EFD51930F892B1A00B029BB /* MMU.cpp in Sources */ = {isa = PBXBuildFile; fileRef = 722764590E78E18100AEDC8B /* MMU.cpp */; };
		1EFD51940F892B1A00B029BB /* NDSSystem.cpp in Sources */ = {isa = PBXBuildFile; fileRef = 7227645A0E78E18100AEDC8B /* NDSSystem.cpp */; };
		1EFD51950F892B1A00B029BB /* render3D.cpp in Sources */ = {isa = PBXBuildFile; fileRef = 7227645B0E78E18100AEDC8B /* render3D.cpp */; };
		1EFD51960F892B1A00B029BB /* ROMReader.cpp in Sources */ = {isa = PBXBuildFile; fileRef = 7227645C0E78E18100AEDC8B /* ROMReader.cpp */; };
		1EFD51970F892B1A00B029BB /* saves.cpp in Sources */ = {isa = PBXBuildFile; fileRef = 7227645D0E78E18100AEDC8B /* saves.cpp */; };
		1EFD51980F892B1A00B029BB /* SPU.cpp in Sources */ = {isa = PBXBuildFile; fileRef = 7227645F0E78E18100AEDC8B /* SPU.cpp */; };
		1EFD51990F892B1A00B029BB /* thumb_instructions.cpp in Sources */ = {isa = PBXBuildFile; fileRef = 722764600E78E18100AEDC8B /* thumb_instructions.cpp */; };
		1EFD519A0F892B1A00B029BB /* wifi.cpp in Sources */ = {isa = PBXBuildFile; fileRef = 722764610E78E18100AEDC8B /* wifi.cpp */; };
		1EFD519B0F892B1A00B029BB /* gfx3d.cpp in Sources */ = {isa = PBXBuildFile; fileRef = 7248E45E0E7E0B0E004DCFFE /* gfx3d.cpp */; };
		1EFD519C0F892B1A00B029BB /* OGLRender.cpp in Sources */ = {isa = PBXBuildFile; fileRef = 7248E4600E7E0B0E004DCFFE /* OGLRender.cpp */; };
		1EFD519D0F892B1A00B029BB /* GPU_osd.cpp in Sources */ = {isa = PBXBuildFile; fileRef = 728E5E1F0E7F54CC00608344 /* GPU_osd.cpp */; };
		1EFD519E0F892B1A00B029BB /* screen_state.m in Sources */ = {isa = PBXBuildFile; fileRef = 72D89DE40E83973A008D9B64 /* screen_state.m */; };
		1EFD519F0F892B1A00B029BB /* readwrite.cpp in Sources */ = {isa = PBXBuildFile; fileRef = 72D89E360E845C7E008D9B64 /* readwrite.cpp */; };
		1EFD51A00F892B1A00B029BB /* common.cpp in Sources */ = {isa = PBXBuildFile; fileRef = 721F43C50EA2A18F0037FB33 /* common.cpp */; };
		1EFD51A10F892B1A00B029BB /* rtc.cpp in Sources */ = {isa = PBXBuildFile; fileRef = 721F43C90EA2A18F0037FB33 /* rtc.cpp */; };
		1EFD51A20F892B1A00B029BB /* softrender.cpp in Sources */ = {isa = PBXBuildFile; fileRef = 721F43CB0EA2A18F0037FB33 /* softrender.cpp */; };
		1EFD51A30F892B1A00B029BB /* sndOSX.mm in Sources */ = {isa = PBXBuildFile; fileRef = 721F43E40EA2A23F0037FB33 /* sndOSX.mm */; };
		1EFD51A40F892B1A00B029BB /* rom_info.m in Sources */ = {isa = PBXBuildFile; fileRef = 721F44220EA2BB6E0037FB33 /* rom_info.m */; };
		1EFD51A50F892B1A00B029BB /* movie.cpp in Sources */ = {isa = PBXBuildFile; fileRef = 1FDD292F0F080D68004021C9 /* movie.cpp */; };
		1EFD51A60F892B1A00B029BB /* ConvertUTF.c in Sources */ = {isa = PBXBuildFile; fileRef = 1FDD293E0F080DBD004021C9 /* ConvertUTF.c */; };
		1EFD51A70F892B1A00B029BB /* crc.cpp in Sources */ = {isa = PBXBuildFile; fileRef = 1FDD29410F080DBD004021C9 /* crc.cpp */; };
		1EFD51A80F892B1A00B029BB /* decrypt.cpp in Sources */ = {isa = PBXBuildFile; fileRef = 1FDD29430F080DBD004021C9 /* decrypt.cpp */; };
		1EFD51A90F892B1A00B029BB /* header.cpp in Sources */ = {isa = PBXBuildFile; fileRef = 1FDD29450F080DBD004021C9 /* header.cpp */; };
		1EFD51AA0F892B1A00B029BB /* guid.cpp in Sources */ = {isa = PBXBuildFile; fileRef = 1FDD29470F080DBD004021C9 /* guid.cpp */; };
		1EFD51AB0F892B1A00B029BB /* md5.cpp in Sources */ = {isa = PBXBuildFile; fileRef = 1FDD29490F080DBD004021C9 /* md5.cpp */; };
		1EFD51AC0F892B1A00B029BB /* xstring.cpp in Sources */ = {isa = PBXBuildFile; fileRef = 1FDD294C0F080DBD004021C9 /* xstring.cpp */; };
		1EFD51AD0F892B1A00B029BB /* mic.cpp in Sources */ = {isa = PBXBuildFile; fileRef = 1FB3725A0F1CB9D300F75A43 /* mic.cpp */; };
		1EFD51AE0F892B1A00B029BB /* addons.cpp in Sources */ = {isa = PBXBuildFile; fileRef = 1FB372610F1CB9F700F75A43 /* addons.cpp */; };
		1EFD51AF0F892B1A00B029BB /* compactFlash.cpp in Sources */ = {isa = PBXBuildFile; fileRef = 1FB372760F1CBAB200F75A43 /* compactFlash.cpp */; };
		1EFD51B00F892B1A00B029BB /* gbagame.cpp in Sources */ = {isa = PBXBuildFile; fileRef = 1FB372770F1CBAB200F75A43 /* gbagame.cpp */; };
		1EFD51B10F892B1A00B029BB /* none.cpp in Sources */ = {isa = PBXBuildFile; fileRef = 1FB372780F1CBAB200F75A43 /* none.cpp */; };
		1EFD51B20F892B1A00B029BB /* rumblepak.cpp in Sources */ = {isa = PBXBuildFile; fileRef = 1FB372790F1CBAB200F75A43 /* rumblepak.cpp */; };
		1EFD51B30F892B1A00B029BB /* cheatSystem.cpp in Sources */ = {isa = PBXBuildFile; fileRef = 1F5577060F326E2000DCF447 /* cheatSystem.cpp */; };
		1EFD51B40F892B1A00B029BB /* texcache.cpp in Sources */ = {isa = PBXBuildFile; fileRef = 1F4B54D70F538DFE00C8B514 /* texcache.cpp */; };
		1EFD51B50F892B1A00B029BB /* gdbstub.cpp in Sources */ = {isa = PBXBuildFile; fileRef = 1EFD50B50F891CA400B029BB /* gdbstub.cpp */; };
		1EFD51B70F892B1A00B029BB /* Cocoa.framework in Frameworks */ = {isa = PBXBuildFile; fileRef = 1058C7A1FEA54F0111CA2CBB /* Cocoa.framework */; };
		1EFD51B80F892B1A00B029BB /* OpenGL.framework in Frameworks */ = {isa = PBXBuildFile; fileRef = 729BECE60D9D57F600ED561B /* OpenGL.framework */; };
		1EFD51B90F892B1A00B029BB /* AudioUnit.framework in Frameworks */ = {isa = PBXBuildFile; fileRef = 729BECEF0D9D581900ED561B /* AudioUnit.framework */; };
		1F4B54D90F538DFE00C8B514 /* texcache.cpp in Sources */ = {isa = PBXBuildFile; fileRef = 1F4B54D70F538DFE00C8B514 /* texcache.cpp */; };
		1F4B550A0F53924500C8B514 /* Localizable.strings in Resources */ = {isa = PBXBuildFile; fileRef = 1F4B55090F53924500C8B514 /* Localizable.strings */; };
		1F4B550C0F53924500C8B514 /* MainMenu.nib in Resources */ = {isa = PBXBuildFile; fileRef = 1F4B550B0F53924500C8B514 /* MainMenu.nib */; };
		1F5577080F326E2000DCF447 /* cheatSystem.cpp in Sources */ = {isa = PBXBuildFile; fileRef = 1F5577060F326E2000DCF447 /* cheatSystem.cpp */; };
		1FB3725C0F1CB9D300F75A43 /* mic.cpp in Sources */ = {isa = PBXBuildFile; fileRef = 1FB3725A0F1CB9D300F75A43 /* mic.cpp */; };
		1FB372630F1CB9F700F75A43 /* addons.cpp in Sources */ = {isa = PBXBuildFile; fileRef = 1FB372610F1CB9F700F75A43 /* addons.cpp */; };
		1FB3727A0F1CBAB200F75A43 /* compactFlash.cpp in Sources */ = {isa = PBXBuildFile; fileRef = 1FB372760F1CBAB200F75A43 /* compactFlash.cpp */; };
		1FB3727B0F1CBAB200F75A43 /* gbagame.cpp in Sources */ = {isa = PBXBuildFile; fileRef = 1FB372770F1CBAB200F75A43 /* gbagame.cpp */; };
		1FB3727C0F1CBAB200F75A43 /* none.cpp in Sources */ = {isa = PBXBuildFile; fileRef = 1FB372780F1CBAB200F75A43 /* none.cpp */; };
		1FB3727D0F1CBAB200F75A43 /* rumblepak.cpp in Sources */ = {isa = PBXBuildFile; fileRef = 1FB372790F1CBAB200F75A43 /* rumblepak.cpp */; };
		1FDD29340F080D68004021C9 /* movie.cpp in Sources */ = {isa = PBXBuildFile; fileRef = 1FDD292F0F080D68004021C9 /* movie.cpp */; };
		1FDD294E0F080DBD004021C9 /* ConvertUTF.c in Sources */ = {isa = PBXBuildFile; fileRef = 1FDD293E0F080DBD004021C9 /* ConvertUTF.c */; };
		1FDD294F0F080DBD004021C9 /* crc.cpp in Sources */ = {isa = PBXBuildFile; fileRef = 1FDD29410F080DBD004021C9 /* crc.cpp */; };
		1FDD29500F080DBD004021C9 /* decrypt.cpp in Sources */ = {isa = PBXBuildFile; fileRef = 1FDD29430F080DBD004021C9 /* decrypt.cpp */; };
		1FDD29510F080DBD004021C9 /* header.cpp in Sources */ = {isa = PBXBuildFile; fileRef = 1FDD29450F080DBD004021C9 /* header.cpp */; };
		1FDD29520F080DBD004021C9 /* guid.cpp in Sources */ = {isa = PBXBuildFile; fileRef = 1FDD29470F080DBD004021C9 /* guid.cpp */; };
		1FDD29530F080DBD004021C9 /* md5.cpp in Sources */ = {isa = PBXBuildFile; fileRef = 1FDD29490F080DBD004021C9 /* md5.cpp */; };
		1FDD29540F080DBD004021C9 /* xstring.cpp in Sources */ = {isa = PBXBuildFile; fileRef = 1FDD294C0F080DBD004021C9 /* xstring.cpp */; };
		721F43D10EA2A18F0037FB33 /* common.cpp in Sources */ = {isa = PBXBuildFile; fileRef = 721F43C50EA2A18F0037FB33 /* common.cpp */; };
		721F43D20EA2A18F0037FB33 /* rtc.cpp in Sources */ = {isa = PBXBuildFile; fileRef = 721F43C90EA2A18F0037FB33 /* rtc.cpp */; };
		721F43D30EA2A18F0037FB33 /* softrender.cpp in Sources */ = {isa = PBXBuildFile; fileRef = 721F43CB0EA2A18F0037FB33 /* softrender.cpp */; };
		721F43E50EA2A23F0037FB33 /* sndOSX.mm in Sources */ = {isa = PBXBuildFile; fileRef = 721F43E40EA2A23F0037FB33 /* sndOSX.mm */; };
		721F44230EA2BB6E0037FB33 /* rom_info.m in Sources */ = {isa = PBXBuildFile; fileRef = 721F44220EA2BB6E0037FB33 /* rom_info.m */; };
		722764620E78E18100AEDC8B /* arm_instructions.cpp in Sources */ = {isa = PBXBuildFile; fileRef = 7227644A0E78E18100AEDC8B /* arm_instructions.cpp */; };
		722764630E78E18100AEDC8B /* armcpu.cpp in Sources */ = {isa = PBXBuildFile; fileRef = 7227644B0E78E18100AEDC8B /* armcpu.cpp */; };
		722764640E78E18100AEDC8B /* bios.cpp in Sources */ = {isa = PBXBuildFile; fileRef = 7227644C0E78E18100AEDC8B /* bios.cpp */; };
		722764660E78E18100AEDC8B /* cp15.cpp in Sources */ = {isa = PBXBuildFile; fileRef = 7227644E0E78E18100AEDC8B /* cp15.cpp */; };
		722764670E78E18100AEDC8B /* debug.cpp in Sources */ = {isa = PBXBuildFile; fileRef = 7227644F0E78E18100AEDC8B /* debug.cpp */; };
		722764680E78E18100AEDC8B /* Disassembler.cpp in Sources */ = {isa = PBXBuildFile; fileRef = 722764500E78E18100AEDC8B /* Disassembler.cpp */; };
		722764690E78E18100AEDC8B /* FIFO.cpp in Sources */ = {isa = PBXBuildFile; fileRef = 722764510E78E18100AEDC8B /* FIFO.cpp */; };
		7227646A0E78E18100AEDC8B /* fs-linux.cpp in Sources */ = {isa = PBXBuildFile; fileRef = 722764520E78E18100AEDC8B /* fs-linux.cpp */; };
		7227646D0E78E18100AEDC8B /* GPU.cpp in Sources */ = {isa = PBXBuildFile; fileRef = 722764560E78E18100AEDC8B /* GPU.cpp */; };
		7227646E0E78E18100AEDC8B /* matrix.cpp in Sources */ = {isa = PBXBuildFile; fileRef = 722764570E78E18100AEDC8B /* matrix.cpp */; };
		7227646F0E78E18100AEDC8B /* mc.cpp in Sources */ = {isa = PBXBuildFile; fileRef = 722764580E78E18100AEDC8B /* mc.cpp */; };
		722764700E78E18100AEDC8B /* MMU.cpp in Sources */ = {isa = PBXBuildFile; fileRef = 722764590E78E18100AEDC8B /* MMU.cpp */; };
		722764710E78E18100AEDC8B /* NDSSystem.cpp in Sources */ = {isa = PBXBuildFile; fileRef = 7227645A0E78E18100AEDC8B /* NDSSystem.cpp */; };
		722764720E78E18100AEDC8B /* render3D.cpp in Sources */ = {isa = PBXBuildFile; fileRef = 7227645B0E78E18100AEDC8B /* render3D.cpp */; };
		722764730E78E18100AEDC8B /* ROMReader.cpp in Sources */ = {isa = PBXBuildFile; fileRef = 7227645C0E78E18100AEDC8B /* ROMReader.cpp */; };
		722764740E78E18100AEDC8B /* saves.cpp in Sources */ = {isa = PBXBuildFile; fileRef = 7227645D0E78E18100AEDC8B /* saves.cpp */; };
		722764760E78E18100AEDC8B /* SPU.cpp in Sources */ = {isa = PBXBuildFile; fileRef = 7227645F0E78E18100AEDC8B /* SPU.cpp */; };
		722764770E78E18100AEDC8B /* thumb_instructions.cpp in Sources */ = {isa = PBXBuildFile; fileRef = 722764600E78E18100AEDC8B /* thumb_instructions.cpp */; };
		722764780E78E18100AEDC8B /* wifi.cpp in Sources */ = {isa = PBXBuildFile; fileRef = 722764610E78E18100AEDC8B /* wifi.cpp */; };
		7233955A0E596E9100999693 /* speed_limit_selection_window.mm in Sources */ = {isa = PBXBuildFile; fileRef = 723395590E596E9100999693 /* speed_limit_selection_window.mm */; };
		7248E4620E7E0B0E004DCFFE /* gfx3d.cpp in Sources */ = {isa = PBXBuildFile; fileRef = 7248E45E0E7E0B0E004DCFFE /* gfx3d.cpp */; };
		7248E4630E7E0B0E004DCFFE /* OGLRender.cpp in Sources */ = {isa = PBXBuildFile; fileRef = 7248E4600E7E0B0E004DCFFE /* OGLRender.cpp */; };
		7277B62F0D9D9AEA00D283BD /* DeSmuME.icns in Resources */ = {isa = PBXBuildFile; fileRef = 7277B62E0D9D9AEA00D283BD /* DeSmuME.icns */; };
		7277B8EB0D9F25F700D283BD /* about.m in Sources */ = {isa = PBXBuildFile; fileRef = 7277B8EA0D9F25F700D283BD /* about.m */; };
		728E5E210E7F54CC00608344 /* GPU_osd.cpp in Sources */ = {isa = PBXBuildFile; fileRef = 728E5E1F0E7F54CC00608344 /* GPU_osd.cpp */; };
		729BEC6F0D9D55DB00ED561B /* cocoa_util.m in Sources */ = {isa = PBXBuildFile; fileRef = 729BEC5A0D9D55DB00ED561B /* cocoa_util.m */; };
		729BEC710D9D55DB00ED561B /* input.mm in Sources */ = {isa = PBXBuildFile; fileRef = 729BEC5E0D9D55DB00ED561B /* input.mm */; };
		729BEC730D9D55DB00ED561B /* main.mm in Sources */ = {isa = PBXBuildFile; fileRef = 729BEC600D9D55DB00ED561B /* main.mm */; };
		729BEC740D9D55DB00ED561B /* main_window.mm in Sources */ = {isa = PBXBuildFile; fileRef = 729BEC620D9D55DB00ED561B /* main_window.mm */; };
		729BEC750D9D55DB00ED561B /* nds_control.mm in Sources */ = {isa = PBXBuildFile; fileRef = 729BEC640D9D55DB00ED561B /* nds_control.mm */; };
		729BEC760D9D55DB00ED561B /* preferences.mm in Sources */ = {isa = PBXBuildFile; fileRef = 729BEC660D9D55DB00ED561B /* preferences.mm */; };
		729BEC780D9D55DB00ED561B /* screenshot.mm in Sources */ = {isa = PBXBuildFile; fileRef = 729BEC6A0D9D55DB00ED561B /* screenshot.mm */; };
		729BEC7A0D9D55DB00ED561B /* video_output_view.mm in Sources */ = {isa = PBXBuildFile; fileRef = 729BEC6E0D9D55DB00ED561B /* video_output_view.mm */; };
		729BECE70D9D57F600ED561B /* OpenGL.framework in Frameworks */ = {isa = PBXBuildFile; fileRef = 729BECE60D9D57F600ED561B /* OpenGL.framework */; };
		729BECF00D9D581900ED561B /* AudioUnit.framework in Frameworks */ = {isa = PBXBuildFile; fileRef = 729BECEF0D9D581900ED561B /* AudioUnit.framework */; };
		72D89DE50E83973A008D9B64 /* screen_state.m in Sources */ = {isa = PBXBuildFile; fileRef = 72D89DE40E83973A008D9B64 /* screen_state.m */; };
		72D89E370E845C7E008D9B64 /* readwrite.cpp in Sources */ = {isa = PBXBuildFile; fileRef = 72D89E360E845C7E008D9B64 /* readwrite.cpp */; };
		8D11072F0486CEB800E47090 /* Cocoa.framework in Frameworks */ = {isa = PBXBuildFile; fileRef = 1058C7A1FEA54F0111CA2CBB /* Cocoa.framework */; };
		95D5FE501007BC4500882BAE /* guitarGrip.cpp in Sources */ = {isa = PBXBuildFile; fileRef = 95D5FE4F1007BC4500882BAE /* guitarGrip.cpp */; };
		95D5FE751007EC0900882BAE /* guitarGrip.cpp in Sources */ = {isa = PBXBuildFile; fileRef = 95D5FE4F1007BC4500882BAE /* guitarGrip.cpp */; };
		FC27E7FC100935F800A47A59 /* rasterize.cpp in Sources */ = {isa = PBXBuildFile; fileRef = FC27E7FB100935F800A47A59 /* rasterize.cpp */; };
/* End PBXBuildFile section */

/* Begin PBXFileReference section */
		1058C7A1FEA54F0111CA2CBB /* Cocoa.framework */ = {isa = PBXFileReference; lastKnownFileType = wrapper.framework; name = Cocoa.framework; path = /System/Library/Frameworks/Cocoa.framework; sourceTree = "<absolute>"; };
		1EFD50B50F891CA400B029BB /* gdbstub.cpp */ = {isa = PBXFileReference; fileEncoding = 4; lastKnownFileType = sourcecode.cpp.cpp; name = gdbstub.cpp; path = ../gdbstub/gdbstub.cpp; sourceTree = SOURCE_ROOT; };
		1EFD50B60F891CA400B029BB /* gdbstub_internal.h */ = {isa = PBXFileReference; fileEncoding = 4; lastKnownFileType = sourcecode.c.h; name = gdbstub_internal.h; path = ../gdbstub/gdbstub_internal.h; sourceTree = SOURCE_ROOT; };
		1EFD51BE0F892B1A00B029BB /* DeSmuME.app */ = {isa = PBXFileReference; explicitFileType = wrapper.application; includeInIndex = 0; path = DeSmuME.app; sourceTree = BUILT_PRODUCTS_DIR; };
		1F4B54D70F538DFE00C8B514 /* texcache.cpp */ = {isa = PBXFileReference; fileEncoding = 4; lastKnownFileType = sourcecode.cpp.cpp; name = texcache.cpp; path = ../texcache.cpp; sourceTree = SOURCE_ROOT; };
		1F4B54D80F538DFE00C8B514 /* texcache.h */ = {isa = PBXFileReference; fileEncoding = 4; lastKnownFileType = sourcecode.c.h; name = texcache.h; path = ../texcache.h; sourceTree = SOURCE_ROOT; };
		1F4B55030F53921B00C8B514 /* English */ = {isa = PBXFileReference; fileEncoding = 10; lastKnownFileType = text.plist.strings; name = English; path = translations/English.lproj/Localizable.strings; sourceTree = "<group>"; };
		1F4B55040F53921B00C8B514 /* English */ = {isa = PBXFileReference; lastKnownFileType = wrapper.nib; name = English; path = translations/English.lproj/MainMenu.nib; sourceTree = "<group>"; };
		1F4B550D0F53928000C8B514 /* Italian */ = {isa = PBXFileReference; lastKnownFileType = text.plist.strings; name = Italian; path = translations/Italian.lproj/Localizable.strings; sourceTree = "<group>"; };
		1F4B550E0F53928400C8B514 /* Japanese */ = {isa = PBXFileReference; lastKnownFileType = text.plist.strings; name = Japanese; path = translations/Japanese.lproj/Localizable.strings; sourceTree = "<group>"; };
		1F4B550F0F53928700C8B514 /* French */ = {isa = PBXFileReference; lastKnownFileType = text.plist.strings; name = French; path = translations/French.lproj/Localizable.strings; sourceTree = "<group>"; };
		1F4B55100F53929300C8B514 /* Italian */ = {isa = PBXFileReference; lastKnownFileType = wrapper.nib; name = Italian; path = translations/Italian.lproj/MainMenu.nib; sourceTree = "<group>"; };
		1F4B55110F53929700C8B514 /* Japanese */ = {isa = PBXFileReference; lastKnownFileType = wrapper.nib; name = Japanese; path = translations/Japanese.lproj/MainMenu.nib; sourceTree = "<group>"; };
		1F4B55120F53929900C8B514 /* French */ = {isa = PBXFileReference; lastKnownFileType = wrapper.nib; name = French; path = translations/French.lproj/MainMenu.nib; sourceTree = "<group>"; };
		1F5577060F326E2000DCF447 /* cheatSystem.cpp */ = {isa = PBXFileReference; fileEncoding = 4; lastKnownFileType = sourcecode.cpp.cpp; name = cheatSystem.cpp; path = ../cheatSystem.cpp; sourceTree = SOURCE_ROOT; };
		1F5577070F326E2000DCF447 /* cheatSystem.h */ = {isa = PBXFileReference; fileEncoding = 4; lastKnownFileType = sourcecode.c.h; name = cheatSystem.h; path = ../cheatSystem.h; sourceTree = SOURCE_ROOT; };
		1FB3725A0F1CB9D300F75A43 /* mic.cpp */ = {isa = PBXFileReference; fileEncoding = 4; lastKnownFileType = sourcecode.cpp.cpp; name = mic.cpp; path = ../mic.cpp; sourceTree = SOURCE_ROOT; };
		1FB3725B0F1CB9D300F75A43 /* mic.h */ = {isa = PBXFileReference; fileEncoding = 4; lastKnownFileType = sourcecode.c.h; name = mic.h; path = ../mic.h; sourceTree = SOURCE_ROOT; };
		1FB372610F1CB9F700F75A43 /* addons.cpp */ = {isa = PBXFileReference; fileEncoding = 4; lastKnownFileType = sourcecode.cpp.cpp; name = addons.cpp; path = ../addons.cpp; sourceTree = SOURCE_ROOT; };
		1FB372620F1CB9F700F75A43 /* addons.h */ = {isa = PBXFileReference; fileEncoding = 4; lastKnownFileType = sourcecode.c.h; name = addons.h; path = ../addons.h; sourceTree = SOURCE_ROOT; };
		1FB372760F1CBAB200F75A43 /* compactFlash.cpp */ = {isa = PBXFileReference; fileEncoding = 4; lastKnownFileType = sourcecode.cpp.cpp; path = compactFlash.cpp; sourceTree = "<group>"; };
		1FB372770F1CBAB200F75A43 /* gbagame.cpp */ = {isa = PBXFileReference; fileEncoding = 4; lastKnownFileType = sourcecode.cpp.cpp; path = gbagame.cpp; sourceTree = "<group>"; };
		1FB372780F1CBAB200F75A43 /* none.cpp */ = {isa = PBXFileReference; fileEncoding = 4; lastKnownFileType = sourcecode.cpp.cpp; path = none.cpp; sourceTree = "<group>"; };
		1FB372790F1CBAB200F75A43 /* rumblepak.cpp */ = {isa = PBXFileReference; fileEncoding = 4; lastKnownFileType = sourcecode.cpp.cpp; path = rumblepak.cpp; sourceTree = "<group>"; };
		1FDD292F0F080D68004021C9 /* movie.cpp */ = {isa = PBXFileReference; fileEncoding = 4; lastKnownFileType = sourcecode.cpp.cpp; name = movie.cpp; path = ../movie.cpp; sourceTree = SOURCE_ROOT; };
		1FDD29300F080D68004021C9 /* movie.h */ = {isa = PBXFileReference; fileEncoding = 4; lastKnownFileType = sourcecode.c.h; name = movie.h; path = ../movie.h; sourceTree = SOURCE_ROOT; };
		1FDD29310F080D68004021C9 /* PACKED.h */ = {isa = PBXFileReference; fileEncoding = 4; lastKnownFileType = sourcecode.c.h; name = PACKED.h; path = ../PACKED.h; sourceTree = SOURCE_ROOT; };
		1FDD29320F080D68004021C9 /* PACKED_END.h */ = {isa = PBXFileReference; fileEncoding = 4; lastKnownFileType = sourcecode.c.h; name = PACKED_END.h; path = ../PACKED_END.h; sourceTree = SOURCE_ROOT; };
		1FDD29330F080D68004021C9 /* shaders.h */ = {isa = PBXFileReference; fileEncoding = 4; lastKnownFileType = sourcecode.c.h; name = shaders.h; path = ../shaders.h; sourceTree = SOURCE_ROOT; };
		1FDD293E0F080DBD004021C9 /* ConvertUTF.c */ = {isa = PBXFileReference; fileEncoding = 4; lastKnownFileType = sourcecode.c.c; name = ConvertUTF.c; path = ../utils/ConvertUTF.c; sourceTree = SOURCE_ROOT; };
		1FDD293F0F080DBD004021C9 /* ConvertUTF.h */ = {isa = PBXFileReference; fileEncoding = 4; lastKnownFileType = sourcecode.c.h; name = ConvertUTF.h; path = ../utils/ConvertUTF.h; sourceTree = SOURCE_ROOT; };
		1FDD29410F080DBD004021C9 /* crc.cpp */ = {isa = PBXFileReference; fileEncoding = 4; lastKnownFileType = sourcecode.cpp.cpp; path = crc.cpp; sourceTree = "<group>"; };
		1FDD29420F080DBD004021C9 /* crc.h */ = {isa = PBXFileReference; fileEncoding = 4; lastKnownFileType = sourcecode.c.h; path = crc.h; sourceTree = "<group>"; };
		1FDD29430F080DBD004021C9 /* decrypt.cpp */ = {isa = PBXFileReference; fileEncoding = 4; lastKnownFileType = sourcecode.cpp.cpp; path = decrypt.cpp; sourceTree = "<group>"; };
		1FDD29440F080DBD004021C9 /* decrypt.h */ = {isa = PBXFileReference; fileEncoding = 4; lastKnownFileType = sourcecode.c.h; path = decrypt.h; sourceTree = "<group>"; };
		1FDD29450F080DBD004021C9 /* header.cpp */ = {isa = PBXFileReference; fileEncoding = 4; lastKnownFileType = sourcecode.cpp.cpp; path = header.cpp; sourceTree = "<group>"; };
		1FDD29460F080DBD004021C9 /* header.h */ = {isa = PBXFileReference; fileEncoding = 4; lastKnownFileType = sourcecode.c.h; path = header.h; sourceTree = "<group>"; };
		1FDD29470F080DBD004021C9 /* guid.cpp */ = {isa = PBXFileReference; fileEncoding = 4; lastKnownFileType = sourcecode.cpp.cpp; name = guid.cpp; path = ../utils/guid.cpp; sourceTree = SOURCE_ROOT; };
		1FDD29480F080DBD004021C9 /* guid.h */ = {isa = PBXFileReference; fileEncoding = 4; lastKnownFileType = sourcecode.c.h; name = guid.h; path = ../utils/guid.h; sourceTree = SOURCE_ROOT; };
		1FDD29490F080DBD004021C9 /* md5.cpp */ = {isa = PBXFileReference; fileEncoding = 4; lastKnownFileType = sourcecode.cpp.cpp; name = md5.cpp; path = ../utils/md5.cpp; sourceTree = SOURCE_ROOT; };
		1FDD294A0F080DBD004021C9 /* md5.h */ = {isa = PBXFileReference; fileEncoding = 4; lastKnownFileType = sourcecode.c.h; name = md5.h; path = ../utils/md5.h; sourceTree = SOURCE_ROOT; };
		1FDD294B0F080DBD004021C9 /* valuearray.h */ = {isa = PBXFileReference; fileEncoding = 4; lastKnownFileType = sourcecode.c.h; name = valuearray.h; path = ../utils/valuearray.h; sourceTree = SOURCE_ROOT; };
		1FDD294C0F080DBD004021C9 /* xstring.cpp */ = {isa = PBXFileReference; fileEncoding = 4; lastKnownFileType = sourcecode.cpp.cpp; name = xstring.cpp; path = ../utils/xstring.cpp; sourceTree = SOURCE_ROOT; };
		1FDD294D0F080DBD004021C9 /* xstring.h */ = {isa = PBXFileReference; fileEncoding = 4; lastKnownFileType = sourcecode.c.h; name = xstring.h; path = ../utils/xstring.h; sourceTree = SOURCE_ROOT; };
		29B97324FDCFA39411CA2CEA /* AppKit.framework */ = {isa = PBXFileReference; lastKnownFileType = wrapper.framework; name = AppKit.framework; path = /System/Library/Frameworks/AppKit.framework; sourceTree = "<absolute>"; };
		29B97325FDCFA39411CA2CEA /* Foundation.framework */ = {isa = PBXFileReference; lastKnownFileType = wrapper.framework; name = Foundation.framework; path = /System/Library/Frameworks/Foundation.framework; sourceTree = "<absolute>"; };
		721F43C50EA2A18F0037FB33 /* common.cpp */ = {isa = PBXFileReference; fileEncoding = 4; lastKnownFileType = sourcecode.cpp.cpp; name = common.cpp; path = ../common.cpp; sourceTree = SOURCE_ROOT; };
		721F43C60EA2A18F0037FB33 /* common.h */ = {isa = PBXFileReference; fileEncoding = 4; lastKnownFileType = sourcecode.c.h; name = common.h; path = ../common.h; sourceTree = SOURCE_ROOT; };
		721F43C70EA2A18F0037FB33 /* memorystream.h */ = {isa = PBXFileReference; fileEncoding = 4; lastKnownFileType = sourcecode.c.h; name = memorystream.h; path = ../memorystream.h; sourceTree = SOURCE_ROOT; };
		721F43C80EA2A18F0037FB33 /* readwrite.h */ = {isa = PBXFileReference; fileEncoding = 4; lastKnownFileType = sourcecode.c.h; name = readwrite.h; path = ../readwrite.h; sourceTree = SOURCE_ROOT; };
		721F43C90EA2A18F0037FB33 /* rtc.cpp */ = {isa = PBXFileReference; fileEncoding = 4; lastKnownFileType = sourcecode.cpp.cpp; name = rtc.cpp; path = ../rtc.cpp; sourceTree = SOURCE_ROOT; };
		721F43CA0EA2A18F0037FB33 /* rtc.h */ = {isa = PBXFileReference; fileEncoding = 4; lastKnownFileType = sourcecode.c.h; name = rtc.h; path = ../rtc.h; sourceTree = SOURCE_ROOT; };
		721F43CB0EA2A18F0037FB33 /* softrender.cpp */ = {isa = PBXFileReference; fileEncoding = 4; lastKnownFileType = sourcecode.cpp.cpp; name = softrender.cpp; path = ../softrender.cpp; sourceTree = SOURCE_ROOT; };
		721F43CC0EA2A18F0037FB33 /* softrender.h */ = {isa = PBXFileReference; fileEncoding = 4; lastKnownFileType = sourcecode.c.h; name = softrender.h; path = ../softrender.h; sourceTree = SOURCE_ROOT; };
		721F43CD0EA2A18F0037FB33 /* softrender_config.h */ = {isa = PBXFileReference; fileEncoding = 4; lastKnownFileType = sourcecode.c.h; name = softrender_config.h; path = ../softrender_config.h; sourceTree = SOURCE_ROOT; };
		721F43CE0EA2A18F0037FB33 /* softrender_desmumefont.h */ = {isa = PBXFileReference; fileEncoding = 4; lastKnownFileType = sourcecode.c.h; name = softrender_desmumefont.h; path = ../softrender_desmumefont.h; sourceTree = SOURCE_ROOT; };
		721F43CF0EA2A18F0037FB33 /* softrender_v3sysfont.h */ = {isa = PBXFileReference; fileEncoding = 4; lastKnownFileType = sourcecode.c.h; name = softrender_v3sysfont.h; path = ../softrender_v3sysfont.h; sourceTree = SOURCE_ROOT; };
		721F43E40EA2A23F0037FB33 /* sndOSX.mm */ = {isa = PBXFileReference; fileEncoding = 4; lastKnownFileType = sourcecode.cpp.objcpp; path = sndOSX.mm; sourceTree = "<group>"; };
		721F44210EA2BB6E0037FB33 /* rom_info.h */ = {isa = PBXFileReference; fileEncoding = 4; lastKnownFileType = sourcecode.c.h; name = rom_info.h; path = dialogs/rom_info.h; sourceTree = "<group>"; };
		721F44220EA2BB6E0037FB33 /* rom_info.m */ = {isa = PBXFileReference; fileEncoding = 4; lastKnownFileType = sourcecode.c.objc; name = rom_info.m; path = dialogs/rom_info.m; sourceTree = "<group>"; };
		7227644A0E78E18100AEDC8B /* arm_instructions.cpp */ = {isa = PBXFileReference; fileEncoding = 4; lastKnownFileType = sourcecode.cpp.cpp; name = arm_instructions.cpp; path = ../arm_instructions.cpp; sourceTree = SOURCE_ROOT; };
		7227644B0E78E18100AEDC8B /* armcpu.cpp */ = {isa = PBXFileReference; fileEncoding = 4; lastKnownFileType = sourcecode.cpp.cpp; name = armcpu.cpp; path = ../armcpu.cpp; sourceTree = SOURCE_ROOT; };
		7227644C0E78E18100AEDC8B /* bios.cpp */ = {isa = PBXFileReference; fileEncoding = 4; lastKnownFileType = sourcecode.cpp.cpp; name = bios.cpp; path = ../bios.cpp; sourceTree = SOURCE_ROOT; };
		7227644E0E78E18100AEDC8B /* cp15.cpp */ = {isa = PBXFileReference; fileEncoding = 4; lastKnownFileType = sourcecode.cpp.cpp; name = cp15.cpp; path = ../cp15.cpp; sourceTree = SOURCE_ROOT; };
		7227644F0E78E18100AEDC8B /* debug.cpp */ = {isa = PBXFileReference; fileEncoding = 4; lastKnownFileType = sourcecode.cpp.cpp; name = debug.cpp; path = ../debug.cpp; sourceTree = SOURCE_ROOT; };
		722764500E78E18100AEDC8B /* Disassembler.cpp */ = {isa = PBXFileReference; fileEncoding = 4; lastKnownFileType = sourcecode.cpp.cpp; name = Disassembler.cpp; path = ../Disassembler.cpp; sourceTree = SOURCE_ROOT; };
		722764510E78E18100AEDC8B /* FIFO.cpp */ = {isa = PBXFileReference; fileEncoding = 4; lastKnownFileType = sourcecode.cpp.cpp; name = FIFO.cpp; path = ../FIFO.cpp; sourceTree = SOURCE_ROOT; };
		722764520E78E18100AEDC8B /* fs-linux.cpp */ = {isa = PBXFileReference; fileEncoding = 4; lastKnownFileType = sourcecode.cpp.cpp; name = "fs-linux.cpp"; path = "../fs-linux.cpp"; sourceTree = SOURCE_ROOT; };
		722764540E78E18100AEDC8B /* gdbstub.h */ = {isa = PBXFileReference; fileEncoding = 4; lastKnownFileType = sourcecode.c.h; name = gdbstub.h; path = ../gdbstub.h; sourceTree = SOURCE_ROOT; };
		722764560E78E18100AEDC8B /* GPU.cpp */ = {isa = PBXFileReference; fileEncoding = 4; lastKnownFileType = sourcecode.cpp.cpp; name = GPU.cpp; path = ../GPU.cpp; sourceTree = SOURCE_ROOT; };
		722764570E78E18100AEDC8B /* matrix.cpp */ = {isa = PBXFileReference; fileEncoding = 4; lastKnownFileType = sourcecode.cpp.cpp; name = matrix.cpp; path = ../matrix.cpp; sourceTree = SOURCE_ROOT; };
		722764580E78E18100AEDC8B /* mc.cpp */ = {isa = PBXFileReference; fileEncoding = 4; lastKnownFileType = sourcecode.cpp.cpp; name = mc.cpp; path = ../mc.cpp; sourceTree = SOURCE_ROOT; };
		722764590E78E18100AEDC8B /* MMU.cpp */ = {isa = PBXFileReference; fileEncoding = 4; lastKnownFileType = sourcecode.cpp.cpp; name = MMU.cpp; path = ../MMU.cpp; sourceTree = SOURCE_ROOT; };
		7227645A0E78E18100AEDC8B /* NDSSystem.cpp */ = {isa = PBXFileReference; fileEncoding = 4; lastKnownFileType = sourcecode.cpp.cpp; name = NDSSystem.cpp; path = ../NDSSystem.cpp; sourceTree = SOURCE_ROOT; };
		7227645B0E78E18100AEDC8B /* render3D.cpp */ = {isa = PBXFileReference; fileEncoding = 4; lastKnownFileType = sourcecode.cpp.cpp; name = render3D.cpp; path = ../render3D.cpp; sourceTree = SOURCE_ROOT; };
		7227645C0E78E18100AEDC8B /* ROMReader.cpp */ = {isa = PBXFileReference; fileEncoding = 4; lastKnownFileType = sourcecode.cpp.cpp; name = ROMReader.cpp; path = ../ROMReader.cpp; sourceTree = SOURCE_ROOT; };
		7227645D0E78E18100AEDC8B /* saves.cpp */ = {isa = PBXFileReference; fileEncoding = 4; lastKnownFileType = sourcecode.cpp.cpp; name = saves.cpp; path = ../saves.cpp; sourceTree = SOURCE_ROOT; };
		7227645F0E78E18100AEDC8B /* SPU.cpp */ = {isa = PBXFileReference; fileEncoding = 4; lastKnownFileType = sourcecode.cpp.cpp; name = SPU.cpp; path = ../SPU.cpp; sourceTree = SOURCE_ROOT; };
		722764600E78E18100AEDC8B /* thumb_instructions.cpp */ = {isa = PBXFileReference; fileEncoding = 4; lastKnownFileType = sourcecode.cpp.cpp; name = thumb_instructions.cpp; path = ../thumb_instructions.cpp; sourceTree = SOURCE_ROOT; };
		722764610E78E18100AEDC8B /* wifi.cpp */ = {isa = PBXFileReference; fileEncoding = 4; lastKnownFileType = sourcecode.cpp.cpp; name = wifi.cpp; path = ../wifi.cpp; sourceTree = SOURCE_ROOT; };
		723395580E596E9100999693 /* speed_limit_selection_window.h */ = {isa = PBXFileReference; fileEncoding = 4; lastKnownFileType = sourcecode.c.h; name = speed_limit_selection_window.h; path = dialogs/speed_limit_selection_window.h; sourceTree = "<group>"; };
		723395590E596E9100999693 /* speed_limit_selection_window.mm */ = {isa = PBXFileReference; fileEncoding = 4; lastKnownFileType = sourcecode.cpp.objcpp; name = speed_limit_selection_window.mm; path = dialogs/speed_limit_selection_window.mm; sourceTree = "<group>"; };
		7248E45E0E7E0B0E004DCFFE /* gfx3d.cpp */ = {isa = PBXFileReference; fileEncoding = 4; lastKnownFileType = sourcecode.cpp.cpp; name = gfx3d.cpp; path = ../gfx3d.cpp; sourceTree = SOURCE_ROOT; };
		7248E45F0E7E0B0E004DCFFE /* gfx3d.h */ = {isa = PBXFileReference; fileEncoding = 4; lastKnownFileType = sourcecode.c.h; name = gfx3d.h; path = ../gfx3d.h; sourceTree = SOURCE_ROOT; };
		7248E4600E7E0B0E004DCFFE /* OGLRender.cpp */ = {isa = PBXFileReference; fileEncoding = 4; lastKnownFileType = sourcecode.cpp.cpp; name = OGLRender.cpp; path = ../OGLRender.cpp; sourceTree = SOURCE_ROOT; };
		7248E4610E7E0B0E004DCFFE /* OGLRender.h */ = {isa = PBXFileReference; fileEncoding = 4; lastKnownFileType = sourcecode.c.h; name = OGLRender.h; path = ../OGLRender.h; sourceTree = SOURCE_ROOT; };
		7277B62E0D9D9AEA00D283BD /* DeSmuME.icns */ = {isa = PBXFileReference; lastKnownFileType = image.icns; path = DeSmuME.icns; sourceTree = "<group>"; };
		7277B8EA0D9F25F700D283BD /* about.m */ = {isa = PBXFileReference; fileEncoding = 4; lastKnownFileType = sourcecode.c.objc; path = about.m; sourceTree = "<group>"; };
		728E5E1F0E7F54CC00608344 /* GPU_osd.cpp */ = {isa = PBXFileReference; fileEncoding = 4; lastKnownFileType = sourcecode.cpp.cpp; name = GPU_osd.cpp; path = ../GPU_osd.cpp; sourceTree = SOURCE_ROOT; };
		728E5E200E7F54CC00608344 /* GPU_osd.h */ = {isa = PBXFileReference; fileEncoding = 4; lastKnownFileType = sourcecode.c.h; name = GPU_osd.h; path = ../GPU_osd.h; sourceTree = SOURCE_ROOT; };
		729BEC5A0D9D55DB00ED561B /* cocoa_util.m */ = {isa = PBXFileReference; fileEncoding = 4; lastKnownFileType = sourcecode.c.objc; path = cocoa_util.m; sourceTree = SOURCE_ROOT; };
		729BEC5C0D9D55DB00ED561B /* globals.h */ = {isa = PBXFileReference; fileEncoding = 4; lastKnownFileType = sourcecode.c.h; path = globals.h; sourceTree = SOURCE_ROOT; };
		729BEC5D0D9D55DB00ED561B /* input.h */ = {isa = PBXFileReference; fileEncoding = 4; lastKnownFileType = sourcecode.c.h; path = input.h; sourceTree = SOURCE_ROOT; };
		729BEC5E0D9D55DB00ED561B /* input.mm */ = {isa = PBXFileReference; fileEncoding = 4; lastKnownFileType = sourcecode.cpp.objcpp; path = input.mm; sourceTree = "<group>"; };
		729BEC600D9D55DB00ED561B /* main.mm */ = {isa = PBXFileReference; fileEncoding = 4; lastKnownFileType = sourcecode.cpp.objcpp; path = main.mm; sourceTree = "<group>"; };
		729BEC610D9D55DB00ED561B /* main_window.h */ = {isa = PBXFileReference; fileEncoding = 4; lastKnownFileType = sourcecode.c.h; path = main_window.h; sourceTree = SOURCE_ROOT; };
		729BEC620D9D55DB00ED561B /* main_window.mm */ = {isa = PBXFileReference; fileEncoding = 4; lastKnownFileType = sourcecode.cpp.objcpp; path = main_window.mm; sourceTree = "<group>"; };
		729BEC630D9D55DB00ED561B /* nds_control.h */ = {isa = PBXFileReference; fileEncoding = 4; lastKnownFileType = sourcecode.c.h; path = nds_control.h; sourceTree = SOURCE_ROOT; };
		729BEC640D9D55DB00ED561B /* nds_control.mm */ = {isa = PBXFileReference; fileEncoding = 4; lastKnownFileType = sourcecode.cpp.objcpp; path = nds_control.mm; sourceTree = "<group>"; };
		729BEC650D9D55DB00ED561B /* preferences.h */ = {isa = PBXFileReference; fileEncoding = 4; lastKnownFileType = sourcecode.c.h; path = preferences.h; sourceTree = SOURCE_ROOT; };
		729BEC660D9D55DB00ED561B /* preferences.mm */ = {isa = PBXFileReference; fileEncoding = 4; lastKnownFileType = sourcecode.cpp.objcpp; path = preferences.mm; sourceTree = "<group>"; };
		729BEC690D9D55DB00ED561B /* screenshot.h */ = {isa = PBXFileReference; fileEncoding = 4; lastKnownFileType = sourcecode.c.h; path = screenshot.h; sourceTree = SOURCE_ROOT; };
		729BEC6A0D9D55DB00ED561B /* screenshot.mm */ = {isa = PBXFileReference; fileEncoding = 4; lastKnownFileType = sourcecode.cpp.objcpp; path = screenshot.mm; sourceTree = "<group>"; };
		729BEC6B0D9D55DB00ED561B /* sndOSX.h */ = {isa = PBXFileReference; fileEncoding = 4; lastKnownFileType = sourcecode.c.h; path = sndOSX.h; sourceTree = SOURCE_ROOT; };
		729BEC6D0D9D55DB00ED561B /* video_output_view.h */ = {isa = PBXFileReference; fileEncoding = 4; lastKnownFileType = sourcecode.c.h; path = video_output_view.h; sourceTree = SOURCE_ROOT; };
		729BEC6E0D9D55DB00ED561B /* video_output_view.mm */ = {isa = PBXFileReference; fileEncoding = 4; lastKnownFileType = sourcecode.cpp.objcpp; path = video_output_view.mm; sourceTree = "<group>"; };
		729BEC9A0D9D57AF00ED561B /* ARM9.h */ = {isa = PBXFileReference; fileEncoding = 4; lastKnownFileType = sourcecode.c.h; name = ARM9.h; path = ../ARM9.h; sourceTree = SOURCE_ROOT; };
		729BEC9C0D9D57AF00ED561B /* arm_instructions.h */ = {isa = PBXFileReference; fileEncoding = 4; lastKnownFileType = sourcecode.c.h; name = arm_instructions.h; path = ../arm_instructions.h; sourceTree = SOURCE_ROOT; };
		729BEC9E0D9D57AF00ED561B /* armcpu.h */ = {isa = PBXFileReference; fileEncoding = 4; lastKnownFileType = sourcecode.c.h; name = armcpu.h; path = ../armcpu.h; sourceTree = SOURCE_ROOT; };
		729BECA00D9D57AF00ED561B /* bios.h */ = {isa = PBXFileReference; fileEncoding = 4; lastKnownFileType = sourcecode.c.h; name = bios.h; path = ../bios.h; sourceTree = SOURCE_ROOT; };
		729BECA10D9D57AF00ED561B /* bits.h */ = {isa = PBXFileReference; fileEncoding = 4; lastKnownFileType = sourcecode.c.h; name = bits.h; path = ../bits.h; sourceTree = SOURCE_ROOT; };
		729BECA60D9D57AF00ED561B /* cp15.h */ = {isa = PBXFileReference; fileEncoding = 4; lastKnownFileType = sourcecode.c.h; name = cp15.h; path = ../cp15.h; sourceTree = SOURCE_ROOT; };
		729BECA80D9D57AF00ED561B /* debug.h */ = {isa = PBXFileReference; fileEncoding = 4; lastKnownFileType = sourcecode.c.h; name = debug.h; path = ../debug.h; sourceTree = SOURCE_ROOT; };
		729BECAA0D9D57AF00ED561B /* Disassembler.h */ = {isa = PBXFileReference; fileEncoding = 4; lastKnownFileType = sourcecode.c.h; name = Disassembler.h; path = ../Disassembler.h; sourceTree = SOURCE_ROOT; };
		729BECAB0D9D57AF00ED561B /* dscard.h */ = {isa = PBXFileReference; fileEncoding = 4; lastKnownFileType = sourcecode.c.h; name = dscard.h; path = ../dscard.h; sourceTree = SOURCE_ROOT; };
		729BECAC0D9D57AF00ED561B /* fat.h */ = {isa = PBXFileReference; fileEncoding = 4; lastKnownFileType = sourcecode.c.h; name = fat.h; path = ../fat.h; sourceTree = SOURCE_ROOT; };
		729BECAE0D9D57AF00ED561B /* FIFO.h */ = {isa = PBXFileReference; fileEncoding = 4; lastKnownFileType = sourcecode.c.h; name = FIFO.h; path = ../FIFO.h; sourceTree = SOURCE_ROOT; };
		729BECB00D9D57AF00ED561B /* fs.h */ = {isa = PBXFileReference; fileEncoding = 4; lastKnownFileType = sourcecode.c.h; name = fs.h; path = ../fs.h; sourceTree = SOURCE_ROOT; };
		729BECB40D9D57AF00ED561B /* GPU.h */ = {isa = PBXFileReference; fileEncoding = 4; lastKnownFileType = sourcecode.c.h; name = GPU.h; path = ../GPU.h; sourceTree = SOURCE_ROOT; };
		729BECB60D9D57AF00ED561B /* matrix.h */ = {isa = PBXFileReference; fileEncoding = 4; lastKnownFileType = sourcecode.c.h; name = matrix.h; path = ../matrix.h; sourceTree = SOURCE_ROOT; };
		729BECB80D9D57AF00ED561B /* mc.h */ = {isa = PBXFileReference; fileEncoding = 4; lastKnownFileType = sourcecode.c.h; name = mc.h; path = ../mc.h; sourceTree = SOURCE_ROOT; };
		729BECB90D9D57AF00ED561B /* mem.h */ = {isa = PBXFileReference; fileEncoding = 4; lastKnownFileType = sourcecode.c.h; name = mem.h; path = ../mem.h; sourceTree = SOURCE_ROOT; };
		729BECBB0D9D57AF00ED561B /* MMU.h */ = {isa = PBXFileReference; fileEncoding = 4; lastKnownFileType = sourcecode.c.h; name = MMU.h; path = ../MMU.h; sourceTree = SOURCE_ROOT; };
		729BECBC0D9D57AF00ED561B /* MMU_timing.h */ = {isa = PBXFileReference; fileEncoding = 4; lastKnownFileType = sourcecode.c.h; name = MMU_timing.h; path = ../MMU_timing.h; sourceTree = SOURCE_ROOT; };
		729BECBD0D9D57AF00ED561B /* NDSSystem.h */ = {isa = PBXFileReference; fileEncoding = 4; lastKnownFileType = sourcecode.c.h; name = NDSSystem.h; path = ../NDSSystem.h; sourceTree = SOURCE_ROOT; };
		729BECBE0D9D57AF00ED561B /* registers.h */ = {isa = PBXFileReference; fileEncoding = 4; lastKnownFileType = sourcecode.c.h; name = registers.h; path = ../registers.h; sourceTree = SOURCE_ROOT; };
		729BECC00D9D57AF00ED561B /* render3D.h */ = {isa = PBXFileReference; fileEncoding = 4; lastKnownFileType = sourcecode.c.h; name = render3D.h; path = ../render3D.h; sourceTree = SOURCE_ROOT; };
		729BECC20D9D57AF00ED561B /* ROMReader.h */ = {isa = PBXFileReference; fileEncoding = 4; lastKnownFileType = sourcecode.c.h; name = ROMReader.h; path = ../ROMReader.h; sourceTree = SOURCE_ROOT; };
		729BECC40D9D57AF00ED561B /* saves.h */ = {isa = PBXFileReference; fileEncoding = 4; lastKnownFileType = sourcecode.c.h; name = saves.h; path = ../saves.h; sourceTree = SOURCE_ROOT; };
		729BECC60D9D57AF00ED561B /* SPU.h */ = {isa = PBXFileReference; fileEncoding = 4; lastKnownFileType = sourcecode.c.h; name = SPU.h; path = ../SPU.h; sourceTree = SOURCE_ROOT; };
		729BECC80D9D57AF00ED561B /* thumb_instructions.h */ = {isa = PBXFileReference; fileEncoding = 4; lastKnownFileType = sourcecode.c.h; name = thumb_instructions.h; path = ../thumb_instructions.h; sourceTree = SOURCE_ROOT; };
		729BECC90D9D57AF00ED561B /* types.h */ = {isa = PBXFileReference; fileEncoding = 4; lastKnownFileType = sourcecode.c.h; name = types.h; path = ../types.h; sourceTree = SOURCE_ROOT; };
		729BECCB0D9D57AF00ED561B /* wifi.h */ = {isa = PBXFileReference; fileEncoding = 4; lastKnownFileType = sourcecode.c.h; name = wifi.h; path = ../wifi.h; sourceTree = SOURCE_ROOT; };
		729BECE60D9D57F600ED561B /* OpenGL.framework */ = {isa = PBXFileReference; lastKnownFileType = wrapper.framework; name = OpenGL.framework; path = /System/Library/Frameworks/OpenGL.framework; sourceTree = "<absolute>"; };
		729BECEF0D9D581900ED561B /* AudioUnit.framework */ = {isa = PBXFileReference; lastKnownFileType = wrapper.framework; name = AudioUnit.framework; path = /System/Library/Frameworks/AudioUnit.framework; sourceTree = "<absolute>"; };
		72C000010D9D59E60046B7EA /* Info.plist */ = {isa = PBXFileReference; fileEncoding = 4; lastKnownFileType = text.plist.xml; path = Info.plist; sourceTree = "<group>"; };
		72C000020D9D59E60046B7EA /* InfoPlist.strings */ = {isa = PBXFileReference; fileEncoding = 10; lastKnownFileType = text.plist.strings; path = InfoPlist.strings; sourceTree = "<group>"; };
		72D89DE30E83973A008D9B64 /* screen_state.h */ = {isa = PBXFileReference; fileEncoding = 4; lastKnownFileType = sourcecode.c.h; path = screen_state.h; sourceTree = "<group>"; };
		72D89DE40E83973A008D9B64 /* screen_state.m */ = {isa = PBXFileReference; fileEncoding = 4; lastKnownFileType = sourcecode.c.objc; path = screen_state.m; sourceTree = "<group>"; };
		72D89E360E845C7E008D9B64 /* readwrite.cpp */ = {isa = PBXFileReference; fileEncoding = 4; lastKnownFileType = sourcecode.cpp.cpp; name = readwrite.cpp; path = ../readwrite.cpp; sourceTree = SOURCE_ROOT; };
		8D1107320486CEB800E47090 /* DeSmuME.app */ = {isa = PBXFileReference; explicitFileType = wrapper.application; includeInIndex = 0; path = DeSmuME.app; sourceTree = BUILT_PRODUCTS_DIR; };
		95D5FE4F1007BC4500882BAE /* guitarGrip.cpp */ = {isa = PBXFileReference; fileEncoding = 4; lastKnownFileType = sourcecode.cpp.cpp; name = guitarGrip.cpp; path = ../addons/guitarGrip.cpp; sourceTree = SOURCE_ROOT; };
		FC27E7FB100935F800A47A59 /* rasterize.cpp */ = {isa = PBXFileReference; fileEncoding = 4; lastKnownFileType = sourcecode.cpp.cpp; name = rasterize.cpp; path = ../rasterize.cpp; sourceTree = SOURCE_ROOT; };
/* End PBXFileReference section */

/* Begin PBXFrameworksBuildPhase section */
		1EFD51B60F892B1A00B029BB /* Frameworks */ = {
			isa = PBXFrameworksBuildPhase;
			buildActionMask = 2147483647;
			files = (
				1EFD51B70F892B1A00B029BB /* Cocoa.framework in Frameworks */,
				1EFD51B80F892B1A00B029BB /* OpenGL.framework in Frameworks */,
				1EFD51B90F892B1A00B029BB /* AudioUnit.framework in Frameworks */,
			);
			runOnlyForDeploymentPostprocessing = 0;
		};
		8D11072E0486CEB800E47090 /* Frameworks */ = {
			isa = PBXFrameworksBuildPhase;
			buildActionMask = 2147483647;
			files = (
				8D11072F0486CEB800E47090 /* Cocoa.framework in Frameworks */,
				729BECE70D9D57F600ED561B /* OpenGL.framework in Frameworks */,
				729BECF00D9D581900ED561B /* AudioUnit.framework in Frameworks */,
			);
			runOnlyForDeploymentPostprocessing = 0;
		};
/* End PBXFrameworksBuildPhase section */

/* Begin PBXGroup section */
		080E96DDFE201D6D7F000001 /* Cocoa Port */ = {
			isa = PBXGroup;
			children = (
				72D219C40E6B4DDF00439B28 /* Dialogs */,
				72D89DE30E83973A008D9B64 /* screen_state.h */,
				72D89DE40E83973A008D9B64 /* screen_state.m */,
				7277B8EA0D9F25F700D283BD /* about.m */,
				729BEC5C0D9D55DB00ED561B /* globals.h */,
				729BEC600D9D55DB00ED561B /* main.mm */,
				729BEC5A0D9D55DB00ED561B /* cocoa_util.m */,
				729BEC5D0D9D55DB00ED561B /* input.h */,
				729BEC5E0D9D55DB00ED561B /* input.mm */,
				729BEC610D9D55DB00ED561B /* main_window.h */,
				729BEC620D9D55DB00ED561B /* main_window.mm */,
				729BEC630D9D55DB00ED561B /* nds_control.h */,
				729BEC640D9D55DB00ED561B /* nds_control.mm */,
				729BEC650D9D55DB00ED561B /* preferences.h */,
				729BEC660D9D55DB00ED561B /* preferences.mm */,
				729BEC690D9D55DB00ED561B /* screenshot.h */,
				729BEC6A0D9D55DB00ED561B /* screenshot.mm */,
				729BEC6B0D9D55DB00ED561B /* sndOSX.h */,
				721F43E40EA2A23F0037FB33 /* sndOSX.mm */,
				729BEC6D0D9D55DB00ED561B /* video_output_view.h */,
				729BEC6E0D9D55DB00ED561B /* video_output_view.mm */,
			);
			name = "Cocoa Port";
			sourceTree = "<group>";
		};
		1058C7A0FEA54F0111CA2CBB /* Linked Frameworks */ = {
			isa = PBXGroup;
			children = (
				29B97325FDCFA39411CA2CEA /* Foundation.framework */,
				29B97324FDCFA39411CA2CEA /* AppKit.framework */,
				1058C7A1FEA54F0111CA2CBB /* Cocoa.framework */,
			);
			name = "Linked Frameworks";
			sourceTree = "<group>";
		};
		1058C7A2FEA54F0111CA2CBB /* Other Frameworks */ = {
			isa = PBXGroup;
			children = (
			);
			name = "Other Frameworks";
			sourceTree = "<group>";
		};
		19C28FACFE9D520D11CA2CBB /* Products */ = {
			isa = PBXGroup;
			children = (
				8D1107320486CEB800E47090 /* DeSmuME.app */,
				1EFD51BE0F892B1A00B029BB /* DeSmuME.app */,
			);
			name = Products;
			sourceTree = "<group>";
		};
		1EFD50B80F891CAA00B029BB /* gdbstub */ = {
			isa = PBXGroup;
			children = (
				1EFD50B50F891CA400B029BB /* gdbstub.cpp */,
				1EFD50B60F891CA400B029BB /* gdbstub_internal.h */,
			);
			name = gdbstub;
			sourceTree = "<group>";
		};
		1FB372750F1CBAB200F75A43 /* addons */ = {
			isa = PBXGroup;
			children = (
				1FB372760F1CBAB200F75A43 /* compactFlash.cpp */,
				1FB372770F1CBAB200F75A43 /* gbagame.cpp */,
				1FB372780F1CBAB200F75A43 /* none.cpp */,
				1FB372790F1CBAB200F75A43 /* rumblepak.cpp */,
			);
			name = addons;
			path = ../addons;
			sourceTree = SOURCE_ROOT;
		};
		1FDD29400F080DBD004021C9 /* decrypt */ = {
			isa = PBXGroup;
			children = (
				1FDD29410F080DBD004021C9 /* crc.cpp */,
				1FDD29420F080DBD004021C9 /* crc.h */,
				1FDD29430F080DBD004021C9 /* decrypt.cpp */,
				1FDD29440F080DBD004021C9 /* decrypt.h */,
				1FDD29450F080DBD004021C9 /* header.cpp */,
				1FDD29460F080DBD004021C9 /* header.h */,
			);
			name = decrypt;
			path = ../utils/decrypt;
			sourceTree = SOURCE_ROOT;
		};
		29B97314FDCFA39411CA2CEA /* DeSmuME */ = {
			isa = PBXGroup;
			children = (
				729BECEF0D9D581900ED561B /* AudioUnit.framework */,
				729BECE60D9D57F600ED561B /* OpenGL.framework */,
				080E96DDFE201D6D7F000001 /* Cocoa Port */,
				29B97315FDCFA39411CA2CEA /* Core */,
				29B97317FDCFA39411CA2CEA /* Resources */,
				29B97323FDCFA39411CA2CEA /* Frameworks */,
				19C28FACFE9D520D11CA2CBB /* Products */,
			);
			name = DeSmuME;
			sourceTree = "<group>";
		};
		29B97315FDCFA39411CA2CEA /* Core */ = {
			isa = PBXGroup;
			children = (
				FC27E7FB100935F800A47A59 /* rasterize.cpp */,
				1EFD50B80F891CAA00B029BB /* gdbstub */,
				1FB372750F1CBAB200F75A43 /* addons */,
				1FDD29400F080DBD004021C9 /* decrypt */,
				1F5577060F326E2000DCF447 /* cheatSystem.cpp */,
				1F5577070F326E2000DCF447 /* cheatSystem.h */,
				1FB372610F1CB9F700F75A43 /* addons.cpp */,
				1FB372620F1CB9F700F75A43 /* addons.h */,
				1FB3725A0F1CB9D300F75A43 /* mic.cpp */,
				1FB3725B0F1CB9D300F75A43 /* mic.h */,
				1FDD293E0F080DBD004021C9 /* ConvertUTF.c */,
				1FDD293F0F080DBD004021C9 /* ConvertUTF.h */,
				1FDD29470F080DBD004021C9 /* guid.cpp */,
				1FDD29480F080DBD004021C9 /* guid.h */,
				1FDD29490F080DBD004021C9 /* md5.cpp */,
				1FDD294A0F080DBD004021C9 /* md5.h */,
				1FDD294B0F080DBD004021C9 /* valuearray.h */,
				1FDD294C0F080DBD004021C9 /* xstring.cpp */,
				1FDD294D0F080DBD004021C9 /* xstring.h */,
				1FDD292F0F080D68004021C9 /* movie.cpp */,
				1FDD29300F080D68004021C9 /* movie.h */,
				1FDD29310F080D68004021C9 /* PACKED.h */,
				1FDD29320F080D68004021C9 /* PACKED_END.h */,
				1FDD29330F080D68004021C9 /* shaders.h */,
				721F43C50EA2A18F0037FB33 /* common.cpp */,
				721F43C60EA2A18F0037FB33 /* common.h */,
				721F43C70EA2A18F0037FB33 /* memorystream.h */,
				721F43C80EA2A18F0037FB33 /* readwrite.h */,
				721F43C90EA2A18F0037FB33 /* rtc.cpp */,
				721F43CA0EA2A18F0037FB33 /* rtc.h */,
				721F43CB0EA2A18F0037FB33 /* softrender.cpp */,
				721F43CC0EA2A18F0037FB33 /* softrender.h */,
				721F43CD0EA2A18F0037FB33 /* softrender_config.h */,
				721F43CE0EA2A18F0037FB33 /* softrender_desmumefont.h */,
				721F43CF0EA2A18F0037FB33 /* softrender_v3sysfont.h */,
				72D89E360E845C7E008D9B64 /* readwrite.cpp */,
				728E5E200E7F54CC00608344 /* GPU_osd.h */,
				7248E45E0E7E0B0E004DCFFE /* gfx3d.cpp */,
				7248E45F0E7E0B0E004DCFFE /* gfx3d.h */,
				7248E4600E7E0B0E004DCFFE /* OGLRender.cpp */,
				728E5E1F0E7F54CC00608344 /* GPU_osd.cpp */,
				7248E4610E7E0B0E004DCFFE /* OGLRender.h */,
				7227644A0E78E18100AEDC8B /* arm_instructions.cpp */,
				7227644B0E78E18100AEDC8B /* armcpu.cpp */,
				7227644C0E78E18100AEDC8B /* bios.cpp */,
				7227644E0E78E18100AEDC8B /* cp15.cpp */,
				7227644F0E78E18100AEDC8B /* debug.cpp */,
				722764500E78E18100AEDC8B /* Disassembler.cpp */,
				722764510E78E18100AEDC8B /* FIFO.cpp */,
				722764520E78E18100AEDC8B /* fs-linux.cpp */,
				722764540E78E18100AEDC8B /* gdbstub.h */,
				722764560E78E18100AEDC8B /* GPU.cpp */,
				722764570E78E18100AEDC8B /* matrix.cpp */,
				722764580E78E18100AEDC8B /* mc.cpp */,
				722764590E78E18100AEDC8B /* MMU.cpp */,
				7227645A0E78E18100AEDC8B /* NDSSystem.cpp */,
				7227645B0E78E18100AEDC8B /* render3D.cpp */,
				7227645C0E78E18100AEDC8B /* ROMReader.cpp */,
				7227645D0E78E18100AEDC8B /* saves.cpp */,
				7227645F0E78E18100AEDC8B /* SPU.cpp */,
				722764600E78E18100AEDC8B /* thumb_instructions.cpp */,
				722764610E78E18100AEDC8B /* wifi.cpp */,
				1F4B54D70F538DFE00C8B514 /* texcache.cpp */,
				1F4B54D80F538DFE00C8B514 /* texcache.h */,
				729BEC9A0D9D57AF00ED561B /* ARM9.h */,
				729BEC9C0D9D57AF00ED561B /* arm_instructions.h */,
				729BEC9E0D9D57AF00ED561B /* armcpu.h */,
				729BECA00D9D57AF00ED561B /* bios.h */,
				729BECA10D9D57AF00ED561B /* bits.h */,
				729BECA60D9D57AF00ED561B /* cp15.h */,
				729BECA80D9D57AF00ED561B /* debug.h */,
				729BECAA0D9D57AF00ED561B /* Disassembler.h */,
				729BECAB0D9D57AF00ED561B /* dscard.h */,
				729BECAC0D9D57AF00ED561B /* fat.h */,
				729BECAE0D9D57AF00ED561B /* FIFO.h */,
				729BECB00D9D57AF00ED561B /* fs.h */,
				729BECB40D9D57AF00ED561B /* GPU.h */,
				729BECB60D9D57AF00ED561B /* matrix.h */,
				729BECB80D9D57AF00ED561B /* mc.h */,
				729BECB90D9D57AF00ED561B /* mem.h */,
				729BECBB0D9D57AF00ED561B /* MMU.h */,
				729BECBC0D9D57AF00ED561B /* MMU_timing.h */,
				729BECBD0D9D57AF00ED561B /* NDSSystem.h */,
				95D5FE4F1007BC4500882BAE /* guitarGrip.cpp */,
				729BECBE0D9D57AF00ED561B /* registers.h */,
				729BECC00D9D57AF00ED561B /* render3D.h */,
				729BECC20D9D57AF00ED561B /* ROMReader.h */,
				729BECC40D9D57AF00ED561B /* saves.h */,
				729BECC60D9D57AF00ED561B /* SPU.h */,
				729BECC80D9D57AF00ED561B /* thumb_instructions.h */,
				729BECC90D9D57AF00ED561B /* types.h */,
				729BECCB0D9D57AF00ED561B /* wifi.h */,
			);
			name = Core;
			sourceTree = "<group>";
		};
		29B97317FDCFA39411CA2CEA /* Resources */ = {
			isa = PBXGroup;
			children = (
				1F4B55090F53924500C8B514 /* Localizable.strings */,
				1F4B550B0F53924500C8B514 /* MainMenu.nib */,
				72C000010D9D59E60046B7EA /* Info.plist */,
				72C000020D9D59E60046B7EA /* InfoPlist.strings */,
				7277B62E0D9D9AEA00D283BD /* DeSmuME.icns */,
			);
			name = Resources;
			sourceTree = "<group>";
		};
		29B97323FDCFA39411CA2CEA /* Frameworks */ = {
			isa = PBXGroup;
			children = (
				1058C7A0FEA54F0111CA2CBB /* Linked Frameworks */,
				1058C7A2FEA54F0111CA2CBB /* Other Frameworks */,
			);
			name = Frameworks;
			sourceTree = "<group>";
		};
		72D219C40E6B4DDF00439B28 /* Dialogs */ = {
			isa = PBXGroup;
			children = (
				721F44210EA2BB6E0037FB33 /* rom_info.h */,
				721F44220EA2BB6E0037FB33 /* rom_info.m */,
				723395580E596E9100999693 /* speed_limit_selection_window.h */,
				723395590E596E9100999693 /* speed_limit_selection_window.mm */,
			);
			name = Dialogs;
			sourceTree = "<group>";
		};
/* End PBXGroup section */

/* Begin PBXNativeTarget section */
		1EFD51770F892B1A00B029BB /* DeSmuME_gdbstub */ = {
			isa = PBXNativeTarget;
			buildConfigurationList = 1EFD51BB0F892B1A00B029BB /* Build configuration list for PBXNativeTarget "DeSmuME_gdbstub" */;
			buildPhases = (
				1EFD51780F892B1A00B029BB /* Resources */,
				1EFD517C0F892B1A00B029BB /* Sources */,
				1EFD51B60F892B1A00B029BB /* Frameworks */,
				1EFD51BA0F892B1A00B029BB /* ShellScript */,
			);
			buildRules = (
			);
			dependencies = (
			);
			name = DeSmuME_gdbstub;
			productInstallPath = "$(HOME)/Applications";
			productName = DeSmuME;
			productReference = 1EFD51BE0F892B1A00B029BB /* DeSmuME.app */;
			productType = "com.apple.product-type.application";
		};
		8D1107260486CEB800E47090 /* DeSmuME */ = {
			isa = PBXNativeTarget;
			buildConfigurationList = C01FCF4A08A954540054247B /* Build configuration list for PBXNativeTarget "DeSmuME" */;
			buildPhases = (
				8D1107290486CEB800E47090 /* Resources */,
				8D11072C0486CEB800E47090 /* Sources */,
				8D11072E0486CEB800E47090 /* Frameworks */,
				72C000600D9D61BF0046B7EA /* ShellScript */,
			);
			buildRules = (
			);
			dependencies = (
			);
			name = DeSmuME;
			productInstallPath = "$(HOME)/Applications";
			productName = DeSmuME;
			productReference = 8D1107320486CEB800E47090 /* DeSmuME.app */;
			productType = "com.apple.product-type.application";
		};
/* End PBXNativeTarget section */

/* Begin PBXProject section */
		29B97313FDCFA39411CA2CEA /* Project object */ = {
			isa = PBXProject;
			buildConfigurationList = C01FCF4E08A954540054247B /* Build configuration list for PBXProject "DeSmuME" */;
			compatibilityVersion = "Xcode 2.4";
			hasScannedForEncodings = 1;
			knownRegions = (
				English,
				Japanese,
				French,
				German,
				TestLocale,
				Italian,
			);
			mainGroup = 29B97314FDCFA39411CA2CEA /* DeSmuME */;
			projectDirPath = "";
			projectRoot = "";
			targets = (
				8D1107260486CEB800E47090 /* DeSmuME */,
				1EFD51770F892B1A00B029BB /* DeSmuME_gdbstub */,
			);
		};
/* End PBXProject section */

/* Begin PBXResourcesBuildPhase section */
		1EFD51780F892B1A00B029BB /* Resources */ = {
			isa = PBXResourcesBuildPhase;
			buildActionMask = 2147483647;
			files = (
				1EFD51790F892B1A00B029BB /* DeSmuME.icns in Resources */,
				1EFD517A0F892B1A00B029BB /* Localizable.strings in Resources */,
				1EFD517B0F892B1A00B029BB /* MainMenu.nib in Resources */,
			);
			runOnlyForDeploymentPostprocessing = 0;
		};
		8D1107290486CEB800E47090 /* Resources */ = {
			isa = PBXResourcesBuildPhase;
			buildActionMask = 2147483647;
			files = (
				7277B62F0D9D9AEA00D283BD /* DeSmuME.icns in Resources */,
				1F4B550A0F53924500C8B514 /* Localizable.strings in Resources */,
				1F4B550C0F53924500C8B514 /* MainMenu.nib in Resources */,
			);
			runOnlyForDeploymentPostprocessing = 0;
		};
/* End PBXResourcesBuildPhase section */

/* Begin PBXShellScriptBuildPhase section */
		1EFD51BA0F892B1A00B029BB /* ShellScript */ = {
			isa = PBXShellScriptBuildPhase;
			buildActionMask = 2147483647;
			files = (
			);
			inputPaths = (
			);
			outputPaths = (
			);
			runOnlyForDeploymentPostprocessing = 0;
			shellPath = /bin/sh;
			shellScript = "cp ../../README $BUILT_PRODUCTS_DIR/DeSmuME.app/Contents/Resources/README\ncp ../../README.MAC $BUILT_PRODUCTS_DIR/DeSmuME.app/Contents/Resources/README.MAC\ncp ../../AUTHORS $BUILT_PRODUCTS_DIR/DeSmuME.app/Contents/Resources/AUTHORS\ncp ../../README.TRANSLATION $BUILT_PRODUCTS_DIR/DeSmuME.app/Contents/Resources/README.TRANSLATION\ncp ../../ChangeLog $BUILT_PRODUCTS_DIR/DeSmuME.app/Contents/Resources/ChangeLog\ncp ../../COPYING $BUILT_PRODUCTS_DIR/DeSmuME.app/Contents/Resources/COPYING\ncd $BUILT_PRODUCTS_DIR/DeSmuME.app/Contents/Resources/\n";
		};
		72C000600D9D61BF0046B7EA /* ShellScript */ = {
			isa = PBXShellScriptBuildPhase;
			buildActionMask = 2147483647;
			files = (
			);
			inputPaths = (
			);
			outputPaths = (
			);
			runOnlyForDeploymentPostprocessing = 0;
			shellPath = /bin/sh;
			shellScript = "cp ../../README $BUILT_PRODUCTS_DIR/DeSmuME.app/Contents/Resources/README\ncp ../../README.MAC $BUILT_PRODUCTS_DIR/DeSmuME.app/Contents/Resources/README.MAC\ncp ../../AUTHORS $BUILT_PRODUCTS_DIR/DeSmuME.app/Contents/Resources/AUTHORS\ncp ../../README.TRANSLATION $BUILT_PRODUCTS_DIR/DeSmuME.app/Contents/Resources/README.TRANSLATION\ncp ../../ChangeLog $BUILT_PRODUCTS_DIR/DeSmuME.app/Contents/Resources/ChangeLog\ncp ../../COPYING $BUILT_PRODUCTS_DIR/DeSmuME.app/Contents/Resources/COPYING\ncd $BUILT_PRODUCTS_DIR/DeSmuME.app/Contents/Resources/\n";
		};
/* End PBXShellScriptBuildPhase section */

/* Begin PBXSourcesBuildPhase section */
		1EFD517C0F892B1A00B029BB /* Sources */ = {
			isa = PBXSourcesBuildPhase;
			buildActionMask = 2147483647;
			files = (
				1EFD517D0F892B1A00B029BB /* cocoa_util.m in Sources */,
				1EFD517E0F892B1A00B029BB /* input.mm in Sources */,
				1EFD517F0F892B1A00B029BB /* main.mm in Sources */,
				1EFD51800F892B1A00B029BB /* main_window.mm in Sources */,
				1EFD51810F892B1A00B029BB /* nds_control.mm in Sources */,
				1EFD51820F892B1A00B029BB /* preferences.mm in Sources */,
				1EFD51830F892B1A00B029BB /* screenshot.mm in Sources */,
				1EFD51840F892B1A00B029BB /* video_output_view.mm in Sources */,
				1EFD51850F892B1A00B029BB /* about.m in Sources */,
				1EFD51860F892B1A00B029BB /* speed_limit_selection_window.mm in Sources */,
				1EFD51870F892B1A00B029BB /* arm_instructions.cpp in Sources */,
				1EFD51880F892B1A00B029BB /* armcpu.cpp in Sources */,
				1EFD51890F892B1A00B029BB /* bios.cpp in Sources */,
				1EFD518B0F892B1A00B029BB /* cp15.cpp in Sources */,
				1EFD518C0F892B1A00B029BB /* debug.cpp in Sources */,
				1EFD518D0F892B1A00B029BB /* Disassembler.cpp in Sources */,
				1EFD518E0F892B1A00B029BB /* FIFO.cpp in Sources */,
				1EFD518F0F892B1A00B029BB /* fs-linux.cpp in Sources */,
				1EFD51900F892B1A00B029BB /* GPU.cpp in Sources */,
				1EFD51910F892B1A00B029BB /* matrix.cpp in Sources */,
				1EFD51920F892B1A00B029BB /* mc.cpp in Sources */,
				1EFD51930F892B1A00B029BB /* MMU.cpp in Sources */,
				1EFD51940F892B1A00B029BB /* NDSSystem.cpp in Sources */,
				1EFD51950F892B1A00B029BB /* render3D.cpp in Sources */,
				1EFD51960F892B1A00B029BB /* ROMReader.cpp in Sources */,
				1EFD51970F892B1A00B029BB /* saves.cpp in Sources */,
				1EFD51980F892B1A00B029BB /* SPU.cpp in Sources */,
				1EFD51990F892B1A00B029BB /* thumb_instructions.cpp in Sources */,
				1EFD519A0F892B1A00B029BB /* wifi.cpp in Sources */,
				1EFD519B0F892B1A00B029BB /* gfx3d.cpp in Sources */,
				1EFD519C0F892B1A00B029BB /* OGLRender.cpp in Sources */,
				1EFD519D0F892B1A00B029BB /* GPU_osd.cpp in Sources */,
				1EFD519E0F892B1A00B029BB /* screen_state.m in Sources */,
				1EFD519F0F892B1A00B029BB /* readwrite.cpp in Sources */,
				1EFD51A00F892B1A00B029BB /* common.cpp in Sources */,
				1EFD51A10F892B1A00B029BB /* rtc.cpp in Sources */,
				1EFD51A20F892B1A00B029BB /* softrender.cpp in Sources */,
				1EFD51A30F892B1A00B029BB /* sndOSX.mm in Sources */,
				1EFD51A40F892B1A00B029BB /* rom_info.m in Sources */,
				1EFD51A50F892B1A00B029BB /* movie.cpp in Sources */,
				1EFD51A60F892B1A00B029BB /* ConvertUTF.c in Sources */,
				1EFD51A70F892B1A00B029BB /* crc.cpp in Sources */,
				1EFD51A80F892B1A00B029BB /* decrypt.cpp in Sources */,
				1EFD51A90F892B1A00B029BB /* header.cpp in Sources */,
				1EFD51AA0F892B1A00B029BB /* guid.cpp in Sources */,
				1EFD51AB0F892B1A00B029BB /* md5.cpp in Sources */,
				1EFD51AC0F892B1A00B029BB /* xstring.cpp in Sources */,
				1EFD51AD0F892B1A00B029BB /* mic.cpp in Sources */,
				1EFD51AE0F892B1A00B029BB /* addons.cpp in Sources */,
				1EFD51AF0F892B1A00B029BB /* compactFlash.cpp in Sources */,
				1EFD51B00F892B1A00B029BB /* gbagame.cpp in Sources */,
				1EFD51B10F892B1A00B029BB /* none.cpp in Sources */,
				1EFD51B20F892B1A00B029BB /* rumblepak.cpp in Sources */,
				1EFD51B30F892B1A00B029BB /* cheatSystem.cpp in Sources */,
				1EFD51B40F892B1A00B029BB /* texcache.cpp in Sources */,
				1EFD51B50F892B1A00B029BB /* gdbstub.cpp in Sources */,
				95D5FE751007EC0900882BAE /* guitarGrip.cpp in Sources */,
			);
			runOnlyForDeploymentPostprocessing = 0;
		};
		8D11072C0486CEB800E47090 /* Sources */ = {
			isa = PBXSourcesBuildPhase;
			buildActionMask = 2147483647;
			files = (
				729BEC6F0D9D55DB00ED561B /* cocoa_util.m in Sources */,
				729BEC710D9D55DB00ED561B /* input.mm in Sources */,
				729BEC730D9D55DB00ED561B /* main.mm in Sources */,
				729BEC740D9D55DB00ED561B /* main_window.mm in Sources */,
				729BEC750D9D55DB00ED561B /* nds_control.mm in Sources */,
				729BEC760D9D55DB00ED561B /* preferences.mm in Sources */,
				729BEC780D9D55DB00ED561B /* screenshot.mm in Sources */,
				729BEC7A0D9D55DB00ED561B /* video_output_view.mm in Sources */,
				7277B8EB0D9F25F700D283BD /* about.m in Sources */,
				7233955A0E596E9100999693 /* speed_limit_selection_window.mm in Sources */,
				722764620E78E18100AEDC8B /* arm_instructions.cpp in Sources */,
				722764630E78E18100AEDC8B /* armcpu.cpp in Sources */,
				722764640E78E18100AEDC8B /* bios.cpp in Sources */,
				722764660E78E18100AEDC8B /* cp15.cpp in Sources */,
				722764670E78E18100AEDC8B /* debug.cpp in Sources */,
				722764680E78E18100AEDC8B /* Disassembler.cpp in Sources */,
				722764690E78E18100AEDC8B /* FIFO.cpp in Sources */,
				7227646A0E78E18100AEDC8B /* fs-linux.cpp in Sources */,
				7227646D0E78E18100AEDC8B /* GPU.cpp in Sources */,
				7227646E0E78E18100AEDC8B /* matrix.cpp in Sources */,
				7227646F0E78E18100AEDC8B /* mc.cpp in Sources */,
				722764700E78E18100AEDC8B /* MMU.cpp in Sources */,
				722764710E78E18100AEDC8B /* NDSSystem.cpp in Sources */,
				722764720E78E18100AEDC8B /* render3D.cpp in Sources */,
				722764730E78E18100AEDC8B /* ROMReader.cpp in Sources */,
				722764740E78E18100AEDC8B /* saves.cpp in Sources */,
				722764760E78E18100AEDC8B /* SPU.cpp in Sources */,
				722764770E78E18100AEDC8B /* thumb_instructions.cpp in Sources */,
				722764780E78E18100AEDC8B /* wifi.cpp in Sources */,
				7248E4620E7E0B0E004DCFFE /* gfx3d.cpp in Sources */,
				7248E4630E7E0B0E004DCFFE /* OGLRender.cpp in Sources */,
				728E5E210E7F54CC00608344 /* GPU_osd.cpp in Sources */,
				72D89DE50E83973A008D9B64 /* screen_state.m in Sources */,
				72D89E370E845C7E008D9B64 /* readwrite.cpp in Sources */,
				721F43D10EA2A18F0037FB33 /* common.cpp in Sources */,
				721F43D20EA2A18F0037FB33 /* rtc.cpp in Sources */,
				721F43D30EA2A18F0037FB33 /* softrender.cpp in Sources */,
				721F43E50EA2A23F0037FB33 /* sndOSX.mm in Sources */,
				721F44230EA2BB6E0037FB33 /* rom_info.m in Sources */,
				1FDD29340F080D68004021C9 /* movie.cpp in Sources */,
				1FDD294E0F080DBD004021C9 /* ConvertUTF.c in Sources */,
				1FDD294F0F080DBD004021C9 /* crc.cpp in Sources */,
				1FDD29500F080DBD004021C9 /* decrypt.cpp in Sources */,
				1FDD29510F080DBD004021C9 /* header.cpp in Sources */,
				1FDD29520F080DBD004021C9 /* guid.cpp in Sources */,
				1FDD29530F080DBD004021C9 /* md5.cpp in Sources */,
				1FDD29540F080DBD004021C9 /* xstring.cpp in Sources */,
				1FB3725C0F1CB9D300F75A43 /* mic.cpp in Sources */,
				1FB372630F1CB9F700F75A43 /* addons.cpp in Sources */,
				1FB3727A0F1CBAB200F75A43 /* compactFlash.cpp in Sources */,
				1FB3727B0F1CBAB200F75A43 /* gbagame.cpp in Sources */,
				1FB3727C0F1CBAB200F75A43 /* none.cpp in Sources */,
				1FB3727D0F1CBAB200F75A43 /* rumblepak.cpp in Sources */,
				1F5577080F326E2000DCF447 /* cheatSystem.cpp in Sources */,
				1F4B54D90F538DFE00C8B514 /* texcache.cpp in Sources */,
				95D5FE501007BC4500882BAE /* guitarGrip.cpp in Sources */,
				FC27E7FC100935F800A47A59 /* rasterize.cpp in Sources */,
			);
			runOnlyForDeploymentPostprocessing = 0;
		};
/* End PBXSourcesBuildPhase section */

/* Begin PBXVariantGroup section */
		1F4B55090F53924500C8B514 /* Localizable.strings */ = {
			isa = PBXVariantGroup;
			children = (
				1F4B55030F53921B00C8B514 /* English */,
				1F4B550D0F53928000C8B514 /* Italian */,
				1F4B550E0F53928400C8B514 /* Japanese */,
				1F4B550F0F53928700C8B514 /* French */,
			);
			name = Localizable.strings;
			sourceTree = "<group>";
		};
		1F4B550B0F53924500C8B514 /* MainMenu.nib */ = {
			isa = PBXVariantGroup;
			children = (
				1F4B55040F53921B00C8B514 /* English */,
				1F4B55100F53929300C8B514 /* Italian */,
				1F4B55110F53929700C8B514 /* Japanese */,
				1F4B55120F53929900C8B514 /* French */,
			);
			name = MainMenu.nib;
			sourceTree = "<group>";
		};
/* End PBXVariantGroup section */

/* Begin XCBuildConfiguration section */
		1EFD51BC0F892B1A00B029BB /* Debug */ = {
			isa = XCBuildConfiguration;
			buildSettings = {
				ALWAYS_SEARCH_USER_PATHS = NO;
				ARCHS = "$(ARCHS_STANDARD_32_BIT_PRE_XCODE_3_1)";
				ARCHS_STANDARD_32_BIT_PRE_XCODE_3_1 = "ppc i386";
				COPY_PHASE_STRIP = YES;
				GCC_AUTO_VECTORIZATION = YES;
				GCC_DYNAMIC_NO_PIC = NO;
				GCC_ENABLE_FIX_AND_CONTINUE = YES;
				GCC_MODEL_TUNING = G5;
				GCC_OPTIMIZATION_LEVEL = 3;
				GCC_PRECOMPILE_PREFIX_HEADER = YES;
				GCC_PREFIX_HEADER = "";
				GCC_PREPROCESSOR_DEFINITIONS = (
					DESMUME_OBJ_C,
					HAVE_OPENGL,
					HAVE_LIBZ,
					DESMUME_COCOA,
					GDB_STUB,
				);
				GCC_STRICT_ALIASING = YES;
				GCC_UNROLL_LOOPS = YES;
				INFOPLIST_FILE = Info.plist;
				INSTALL_PATH = "$(HOME)/Applications";
				ONLY_ACTIVE_ARCH = NO;
				PRODUCT_NAME = DeSmuME;
				STRIP_INSTALLED_PRODUCT = YES;
				VALID_ARCHS = "i386 ppc";
			};
			name = Debug;
		};
		1EFD51BD0F892B1A00B029BB /* Release */ = {
			isa = XCBuildConfiguration;
			buildSettings = {
				ALWAYS_SEARCH_USER_PATHS = NO;
				ARCHS = "$(ARCHS_STANDARD_32_BIT_PRE_XCODE_3_1)";
				ARCHS_STANDARD_32_BIT_PRE_XCODE_3_1 = "ppc i386";
				COPY_PHASE_STRIP = YES;
				DEBUG_INFORMATION_FORMAT = "dwarf-with-dsym";
				GCC_AUTO_VECTORIZATION = YES;
				GCC_MODEL_TUNING = G5;
				GCC_OPTIMIZATION_LEVEL = 3;
				GCC_PRECOMPILE_PREFIX_HEADER = YES;
				GCC_PREFIX_HEADER = "";
				GCC_PREPROCESSOR_DEFINITIONS = (
					DESMUME_OBJ_C,
					HAVE_OPENGL,
					HAVE_LIBZ,
					DESMUME_COCOA,
					GDB_STUB,
				);
				GCC_STRICT_ALIASING = YES;
				GCC_UNROLL_LOOPS = YES;
				INFOPLIST_FILE = Info.plist;
				INSTALL_PATH = "$(HOME)/Applications";
				ONLY_ACTIVE_ARCH = NO;
				PRODUCT_NAME = DeSmuME;
				STRIP_INSTALLED_PRODUCT = YES;
				VALID_ARCHS = "i386 ppc";
			};
			name = Release;
		};
		C01FCF4B08A954540054247B /* Debug */ = {
			isa = XCBuildConfiguration;
			buildSettings = {
				ALWAYS_SEARCH_USER_PATHS = NO;
				COPY_PHASE_STRIP = NO;
				GCC_AUTO_VECTORIZATION = YES;
				GCC_DYNAMIC_NO_PIC = NO;
				GCC_ENABLE_FIX_AND_CONTINUE = YES;
				GCC_MODEL_TUNING = G5;
				GCC_OPTIMIZATION_LEVEL = 3;
				GCC_PRECOMPILE_PREFIX_HEADER = YES;
				GCC_PREFIX_HEADER = "";
				GCC_STRICT_ALIASING = YES;
				GCC_UNROLL_LOOPS = YES;
				INFOPLIST_FILE = Info.plist;
				INSTALL_PATH = "$(HOME)/Applications";
				PRODUCT_NAME = DeSmuME;
			};
			name = Debug;
		};
		C01FCF4C08A954540054247B /* Release */ = {
			isa = XCBuildConfiguration;
			buildSettings = {
				ALWAYS_SEARCH_USER_PATHS = NO;
				DEBUG_INFORMATION_FORMAT = "dwarf-with-dsym";
				GCC_AUTO_VECTORIZATION = YES;
				GCC_MODEL_TUNING = G5;
				GCC_OPTIMIZATION_LEVEL = 3;
				GCC_PRECOMPILE_PREFIX_HEADER = YES;
				GCC_PREFIX_HEADER = "";
				GCC_STRICT_ALIASING = YES;
				GCC_UNROLL_LOOPS = YES;
				INFOPLIST_FILE = Info.plist;
				INSTALL_PATH = "$(HOME)/Applications";
				PRODUCT_NAME = DeSmuME;
			};
			name = Release;
		};
		C01FCF4F08A954540054247B /* Debug */ = {
			isa = XCBuildConfiguration;
			buildSettings = {
				ALWAYS_SEARCH_USER_PATHS = NO;
				ARCHS = "$(ARCHS_STANDARD_32_BIT_PRE_XCODE_3_1)";
				ARCHS_STANDARD_32_BIT_PRE_XCODE_3_1 = "ppc i386";
				GCC_OPTIMIZATION_LEVEL = 0;
				GCC_PREPROCESSOR_DEFINITIONS = (
					DESMUME_OBJ_C,
					HAVE_OPENGL,
					HAVE_LIBZ,
					DESMUME_COCOA,
				);
				GCC_TREAT_IMPLICIT_FUNCTION_DECLARATIONS_AS_ERRORS = YES;
				GCC_WARN_ABOUT_RETURN_TYPE = YES;
				GCC_WARN_UNUSED_VARIABLE = YES;
				ONLY_ACTIVE_ARCH = NO;
				OTHER_LDFLAGS = "-lz";
				PREBINDING = NO;
				SDKROOT = /Developer/SDKs/MacOSX10.4u.sdk;
			};
			name = Debug;
		};
		C01FCF5008A954540054247B /* Release */ = {
			isa = XCBuildConfiguration;
			buildSettings = {
				ALWAYS_SEARCH_USER_PATHS = NO;
				ARCHS = "$(ARCHS_STANDARD_32_BIT_PRE_XCODE_3_1)";
				ARCHS_STANDARD_32_BIT_PRE_XCODE_3_1 = "ppc i386";
				GCC_PREPROCESSOR_DEFINITIONS = (
					DESMUME_OBJ_C,
					HAVE_OPENGL,
					HAVE_LIBZ,
					DESMUME_COCOA,
				);
				GCC_TREAT_IMPLICIT_FUNCTION_DECLARATIONS_AS_ERRORS = YES;
				GCC_WARN_ABOUT_RETURN_TYPE = YES;
				GCC_WARN_UNUSED_VARIABLE = YES;
				ONLY_ACTIVE_ARCH = NO;
				OTHER_LDFLAGS = "-lz";
				PREBINDING = NO;
				SDKROOT = /Developer/SDKs/MacOSX10.4u.sdk;
			};
			name = Release;
		};
/* End XCBuildConfiguration section */

/* Begin XCConfigurationList section */
		1EFD51BB0F892B1A00B029BB /* Build configuration list for PBXNativeTarget "DeSmuME_gdbstub" */ = {
			isa = XCConfigurationList;
			buildConfigurations = (
				1EFD51BC0F892B1A00B029BB /* Debug */,
				1EFD51BD0F892B1A00B029BB /* Release */,
			);
			defaultConfigurationIsVisible = 0;
			defaultConfigurationName = Release;
		};
		C01FCF4A08A954540054247B /* Build configuration list for PBXNativeTarget "DeSmuME" */ = {
			isa = XCConfigurationList;
			buildConfigurations = (
				C01FCF4B08A954540054247B /* Debug */,
				C01FCF4C08A954540054247B /* Release */,
			);
			defaultConfigurationIsVisible = 0;
			defaultConfigurationName = Release;
		};
		C01FCF4E08A954540054247B /* Build configuration list for PBXProject "DeSmuME" */ = {
			isa = XCConfigurationList;
			buildConfigurations = (
				C01FCF4F08A954540054247B /* Debug */,
				C01FCF5008A954540054247B /* Release */,
			);
			defaultConfigurationIsVisible = 0;
			defaultConfigurationName = Release;
		};
/* End XCConfigurationList section */
	};
	rootObject = 29B97313FDCFA39411CA2CEA /* Project object */;
}
